// !$*UTF8*$!
{
	archiveVersion = 1;
	classes = {
	};
	objectVersion = 56;
	objects = {

/* Begin PBXBuildFile section */
		F52A321F29B673F0006D8B93 /* AppDelegate.swift in Sources */ = {isa = PBXBuildFile; fileRef = F52A321E29B673F0006D8B93 /* AppDelegate.swift */; };
		F52A322129B673F0006D8B93 /* SceneDelegate.swift in Sources */ = {isa = PBXBuildFile; fileRef = F52A322029B673F0006D8B93 /* SceneDelegate.swift */; };
		F52A322429B673F0006D8B93 /* LaunchScreen.storyboard in Resources */ = {isa = PBXBuildFile; fileRef = F52A322229B673F0006D8B93 /* LaunchScreen.storyboard */; };
		F52A322729B673F0006D8B93 /* Main.storyboard in Resources */ = {isa = PBXBuildFile; fileRef = F52A322529B673F0006D8B93 /* Main.storyboard */; };
		F52A323029B673F0006D8B93 /* AppDelegate.swift in Sources */ = {isa = PBXBuildFile; fileRef = F52A322F29B673F0006D8B93 /* AppDelegate.swift */; };
		F52A323329B673F0006D8B93 /* Main.storyboard in Resources */ = {isa = PBXBuildFile; fileRef = F52A323129B673F0006D8B93 /* Main.storyboard */; };
		F52A323B29B673F0006D8B93 /* Talis Aspire Reading Lists Bookmarking Extension.appex in Embed Foundation Extensions */ = {isa = PBXBuildFile; fileRef = F52A323A29B673F0006D8B93 /* Talis Aspire Reading Lists Bookmarking Extension.appex */; settings = {ATTRIBUTES = (RemoveHeadersOnCopy, ); }; };
		F52A324529B673F0006D8B93 /* Talis Aspire Reading Lists Bookmarking Extension.appex in Embed Foundation Extensions */ = {isa = PBXBuildFile; fileRef = F52A324429B673F0006D8B93 /* Talis Aspire Reading Lists Bookmarking Extension.appex */; settings = {ATTRIBUTES = (RemoveHeadersOnCopy, ); }; };
		F52A324B29B673F0006D8B93 /* Main.html in Resources */ = {isa = PBXBuildFile; fileRef = F52A320E29B673EA006D8B93 /* Main.html */; };
		F52A324C29B673F0006D8B93 /* Main.html in Resources */ = {isa = PBXBuildFile; fileRef = F52A320E29B673EA006D8B93 /* Main.html */; };
		F52A324D29B673F0006D8B93 /* Icon.png in Resources */ = {isa = PBXBuildFile; fileRef = F52A321029B673EA006D8B93 /* Icon.png */; };
		F52A324E29B673F0006D8B93 /* Icon.png in Resources */ = {isa = PBXBuildFile; fileRef = F52A321029B673EA006D8B93 /* Icon.png */; };
		F52A324F29B673F0006D8B93 /* Style.css in Resources */ = {isa = PBXBuildFile; fileRef = F52A321129B673EA006D8B93 /* Style.css */; };
		F52A325029B673F0006D8B93 /* Style.css in Resources */ = {isa = PBXBuildFile; fileRef = F52A321129B673EA006D8B93 /* Style.css */; };
		F52A325129B673F0006D8B93 /* Script.js in Resources */ = {isa = PBXBuildFile; fileRef = F52A321229B673EA006D8B93 /* Script.js */; };
		F52A325229B673F0006D8B93 /* Script.js in Resources */ = {isa = PBXBuildFile; fileRef = F52A321229B673EA006D8B93 /* Script.js */; };
		F52A325329B673F0006D8B93 /* ViewController.swift in Sources */ = {isa = PBXBuildFile; fileRef = F52A321329B673EA006D8B93 /* ViewController.swift */; };
		F52A325429B673F0006D8B93 /* ViewController.swift in Sources */ = {isa = PBXBuildFile; fileRef = F52A321329B673EA006D8B93 /* ViewController.swift */; };
		F52A325529B673F0006D8B93 /* Assets.xcassets in Resources */ = {isa = PBXBuildFile; fileRef = F52A321429B673F0006D8B93 /* Assets.xcassets */; };
		F52A325629B673F0006D8B93 /* Assets.xcassets in Resources */ = {isa = PBXBuildFile; fileRef = F52A321429B673F0006D8B93 /* Assets.xcassets */; };
		F52A325729B673F0006D8B93 /* SafariWebExtensionHandler.swift in Sources */ = {isa = PBXBuildFile; fileRef = F52A321629B673F0006D8B93 /* SafariWebExtensionHandler.swift */; };
		F52A325829B673F0006D8B93 /* SafariWebExtensionHandler.swift in Sources */ = {isa = PBXBuildFile; fileRef = F52A321629B673F0006D8B93 /* SafariWebExtensionHandler.swift */; };
		F52A327229B673F0006D8B93 /* css in Resources */ = {isa = PBXBuildFile; fileRef = F52A326A29B673F0006D8B93 /* css */; };
		F52A327329B673F0006D8B93 /* images in Resources */ = {isa = PBXBuildFile; fileRef = F52A326B29B673F0006D8B93 /* images */; };
		F52A327429B673F0006D8B93 /* js in Resources */ = {isa = PBXBuildFile; fileRef = F52A326C29B673F0006D8B93 /* js */; };
		F52A327529B673F0006D8B93 /* dependencies in Resources */ = {isa = PBXBuildFile; fileRef = F52A326D29B673F0006D8B93 /* dependencies */; };
		F52A327629B673F0006D8B93 /* manifest.json in Resources */ = {isa = PBXBuildFile; fileRef = F52A326E29B673F0006D8B93 /* manifest.json */; };
		F52A327729B673F0006D8B93 /* options.html in Resources */ = {isa = PBXBuildFile; fileRef = F52A326F29B673F0006D8B93 /* options.html */; };
		F52A327829B673F0006D8B93 /* background.html in Resources */ = {isa = PBXBuildFile; fileRef = F52A327029B673F0006D8B93 /* background.html */; };
		F52A327929B673F0006D8B93 /* _locales in Resources */ = {isa = PBXBuildFile; fileRef = F52A327129B673F0006D8B93 /* _locales */; };
		F52A327A29B673F0006D8B93 /* css in Resources */ = {isa = PBXBuildFile; fileRef = F52A326A29B673F0006D8B93 /* css */; };
		F52A327B29B673F0006D8B93 /* images in Resources */ = {isa = PBXBuildFile; fileRef = F52A326B29B673F0006D8B93 /* images */; };
		F52A327C29B673F0006D8B93 /* js in Resources */ = {isa = PBXBuildFile; fileRef = F52A326C29B673F0006D8B93 /* js */; };
		F52A327D29B673F0006D8B93 /* dependencies in Resources */ = {isa = PBXBuildFile; fileRef = F52A326D29B673F0006D8B93 /* dependencies */; };
		F52A327E29B673F0006D8B93 /* manifest.json in Resources */ = {isa = PBXBuildFile; fileRef = F52A326E29B673F0006D8B93 /* manifest.json */; };
		F52A327F29B673F0006D8B93 /* options.html in Resources */ = {isa = PBXBuildFile; fileRef = F52A326F29B673F0006D8B93 /* options.html */; };
		F52A328029B673F0006D8B93 /* background.html in Resources */ = {isa = PBXBuildFile; fileRef = F52A327029B673F0006D8B93 /* background.html */; };
		F52A328129B673F0006D8B93 /* _locales in Resources */ = {isa = PBXBuildFile; fileRef = F52A327129B673F0006D8B93 /* _locales */; };
/* End PBXBuildFile section */

/* Begin PBXContainerItemProxy section */
		F52A323C29B673F0006D8B93 /* PBXContainerItemProxy */ = {
			isa = PBXContainerItemProxy;
			containerPortal = F52A320829B673EA006D8B93 /* Project object */;
			proxyType = 1;
			remoteGlobalIDString = F52A323929B673F0006D8B93;
			remoteInfo = "Talis Aspire Reading Lists Bookmarking Extension (iOS)";
		};
		F52A324629B673F0006D8B93 /* PBXContainerItemProxy */ = {
			isa = PBXContainerItemProxy;
			containerPortal = F52A320829B673EA006D8B93 /* Project object */;
			proxyType = 1;
			remoteGlobalIDString = F52A324329B673F0006D8B93;
			remoteInfo = "Talis Aspire Reading Lists Bookmarking Extension (macOS)";
		};
/* End PBXContainerItemProxy section */

/* Begin PBXCopyFilesBuildPhase section */
		F52A325E29B673F0006D8B93 /* Embed Foundation Extensions */ = {
			isa = PBXCopyFilesBuildPhase;
			buildActionMask = 2147483647;
			dstPath = "";
			dstSubfolderSpec = 13;
			files = (
				F52A323B29B673F0006D8B93 /* Talis Aspire Reading Lists Bookmarking Extension.appex in Embed Foundation Extensions */,
			);
			name = "Embed Foundation Extensions";
			runOnlyForDeploymentPostprocessing = 0;
		};
		F52A326529B673F0006D8B93 /* Embed Foundation Extensions */ = {
			isa = PBXCopyFilesBuildPhase;
			buildActionMask = 2147483647;
			dstPath = "";
			dstSubfolderSpec = 13;
			files = (
				F52A324529B673F0006D8B93 /* Talis Aspire Reading Lists Bookmarking Extension.appex in Embed Foundation Extensions */,
			);
			name = "Embed Foundation Extensions";
			runOnlyForDeploymentPostprocessing = 0;
		};
/* End PBXCopyFilesBuildPhase section */

/* Begin PBXFileReference section */
		F52A320F29B673EA006D8B93 /* Base */ = {isa = PBXFileReference; lastKnownFileType = text.html; name = Base; path = ../Base.lproj/Main.html; sourceTree = "<group>"; };
		F52A321029B673EA006D8B93 /* Icon.png */ = {isa = PBXFileReference; lastKnownFileType = image.png; path = Icon.png; sourceTree = "<group>"; };
		F52A321129B673EA006D8B93 /* Style.css */ = {isa = PBXFileReference; lastKnownFileType = text.css; path = Style.css; sourceTree = "<group>"; };
		F52A321229B673EA006D8B93 /* Script.js */ = {isa = PBXFileReference; lastKnownFileType = sourcecode.javascript; path = Script.js; sourceTree = "<group>"; };
		F52A321329B673EA006D8B93 /* ViewController.swift */ = {isa = PBXFileReference; lastKnownFileType = sourcecode.swift; path = ViewController.swift; sourceTree = "<group>"; };
		F52A321429B673F0006D8B93 /* Assets.xcassets */ = {isa = PBXFileReference; lastKnownFileType = folder.assetcatalog; path = Assets.xcassets; sourceTree = "<group>"; };
		F52A321629B673F0006D8B93 /* SafariWebExtensionHandler.swift */ = {isa = PBXFileReference; lastKnownFileType = sourcecode.swift; path = SafariWebExtensionHandler.swift; sourceTree = "<group>"; };
		F52A321B29B673F0006D8B93 /* Talis Aspire Reading Lists Bookmarking.app */ = {isa = PBXFileReference; explicitFileType = wrapper.application; includeInIndex = 0; path = "Talis Aspire Reading Lists Bookmarking.app"; sourceTree = BUILT_PRODUCTS_DIR; };
		F52A321E29B673F0006D8B93 /* AppDelegate.swift */ = {isa = PBXFileReference; lastKnownFileType = sourcecode.swift; path = AppDelegate.swift; sourceTree = "<group>"; };
		F52A322029B673F0006D8B93 /* SceneDelegate.swift */ = {isa = PBXFileReference; lastKnownFileType = sourcecode.swift; path = SceneDelegate.swift; sourceTree = "<group>"; };
		F52A322329B673F0006D8B93 /* Base */ = {isa = PBXFileReference; lastKnownFileType = file.storyboard; name = Base; path = Base.lproj/LaunchScreen.storyboard; sourceTree = "<group>"; };
		F52A322629B673F0006D8B93 /* Base */ = {isa = PBXFileReference; lastKnownFileType = file.storyboard; name = Base; path = Base.lproj/Main.storyboard; sourceTree = "<group>"; };
		F52A322829B673F0006D8B93 /* Info.plist */ = {isa = PBXFileReference; lastKnownFileType = text.plist.xml; path = Info.plist; sourceTree = "<group>"; };
		F52A322D29B673F0006D8B93 /* Talis Aspire Reading Lists Bookmarking.app */ = {isa = PBXFileReference; explicitFileType = wrapper.application; includeInIndex = 0; path = "Talis Aspire Reading Lists Bookmarking.app"; sourceTree = BUILT_PRODUCTS_DIR; };
		F52A322F29B673F0006D8B93 /* AppDelegate.swift */ = {isa = PBXFileReference; lastKnownFileType = sourcecode.swift; path = AppDelegate.swift; sourceTree = "<group>"; };
		F52A323229B673F0006D8B93 /* Base */ = {isa = PBXFileReference; lastKnownFileType = file.storyboard; name = Base; path = Base.lproj/Main.storyboard; sourceTree = "<group>"; };
		F52A323429B673F0006D8B93 /* Info.plist */ = {isa = PBXFileReference; lastKnownFileType = text.plist.xml; path = Info.plist; sourceTree = "<group>"; };
		F52A323529B673F0006D8B93 /* Talis Aspire Reading Lists Bookmarking.entitlements */ = {isa = PBXFileReference; lastKnownFileType = text.plist.entitlements; path = "Talis Aspire Reading Lists Bookmarking.entitlements"; sourceTree = "<group>"; };
		F52A323A29B673F0006D8B93 /* Talis Aspire Reading Lists Bookmarking Extension.appex */ = {isa = PBXFileReference; explicitFileType = "wrapper.app-extension"; includeInIndex = 0; path = "Talis Aspire Reading Lists Bookmarking Extension.appex"; sourceTree = BUILT_PRODUCTS_DIR; };
		F52A323F29B673F0006D8B93 /* Info.plist */ = {isa = PBXFileReference; lastKnownFileType = text.plist.xml; path = Info.plist; sourceTree = "<group>"; };
		F52A324429B673F0006D8B93 /* Talis Aspire Reading Lists Bookmarking Extension.appex */ = {isa = PBXFileReference; explicitFileType = "wrapper.app-extension"; includeInIndex = 0; path = "Talis Aspire Reading Lists Bookmarking Extension.appex"; sourceTree = BUILT_PRODUCTS_DIR; };
		F52A324929B673F0006D8B93 /* Info.plist */ = {isa = PBXFileReference; lastKnownFileType = text.plist.xml; path = Info.plist; sourceTree = "<group>"; };
		F52A324A29B673F0006D8B93 /* Talis Aspire Reading Lists Bookmarking.entitlements */ = {isa = PBXFileReference; lastKnownFileType = text.plist.entitlements; path = "Talis Aspire Reading Lists Bookmarking.entitlements"; sourceTree = "<group>"; };
		F52A326A29B673F0006D8B93 /* css */ = {isa = PBXFileReference; lastKnownFileType = folder; name = css; path = ../../dist/css; sourceTree = "<group>"; };
		F52A326B29B673F0006D8B93 /* images */ = {isa = PBXFileReference; lastKnownFileType = folder; name = images; path = ../../dist/images; sourceTree = "<group>"; };
		F52A326C29B673F0006D8B93 /* js */ = {isa = PBXFileReference; lastKnownFileType = folder; name = js; path = ../../dist/js; sourceTree = "<group>"; };
		F52A326D29B673F0006D8B93 /* dependencies */ = {isa = PBXFileReference; lastKnownFileType = folder; name = dependencies; path = ../../dist/dependencies; sourceTree = "<group>"; };
		F52A326E29B673F0006D8B93 /* manifest.json */ = {isa = PBXFileReference; lastKnownFileType = text.json; name = manifest.json; path = ../../dist/manifest.json; sourceTree = "<group>"; };
		F52A326F29B673F0006D8B93 /* options.html */ = {isa = PBXFileReference; lastKnownFileType = text.html; name = options.html; path = ../../dist/options.html; sourceTree = "<group>"; };
		F52A327029B673F0006D8B93 /* background.html */ = {isa = PBXFileReference; lastKnownFileType = text.html; name = background.html; path = ../../dist/background.html; sourceTree = "<group>"; };
		F52A327129B673F0006D8B93 /* _locales */ = {isa = PBXFileReference; lastKnownFileType = folder; name = _locales; path = ../../dist/_locales; sourceTree = "<group>"; };
/* End PBXFileReference section */

/* Begin PBXFrameworksBuildPhase section */
		F52A321829B673F0006D8B93 /* Frameworks */ = {
			isa = PBXFrameworksBuildPhase;
			buildActionMask = 2147483647;
			files = (
			);
			runOnlyForDeploymentPostprocessing = 0;
		};
		F52A322A29B673F0006D8B93 /* Frameworks */ = {
			isa = PBXFrameworksBuildPhase;
			buildActionMask = 2147483647;
			files = (
			);
			runOnlyForDeploymentPostprocessing = 0;
		};
		F52A323729B673F0006D8B93 /* Frameworks */ = {
			isa = PBXFrameworksBuildPhase;
			buildActionMask = 2147483647;
			files = (
			);
			runOnlyForDeploymentPostprocessing = 0;
		};
		F52A324129B673F0006D8B93 /* Frameworks */ = {
			isa = PBXFrameworksBuildPhase;
			buildActionMask = 2147483647;
			files = (
			);
			runOnlyForDeploymentPostprocessing = 0;
		};
/* End PBXFrameworksBuildPhase section */

/* Begin PBXGroup section */
		F52A320729B673EA006D8B93 = {
			isa = PBXGroup;
			children = (
				F52A320C29B673EA006D8B93 /* Shared (App) */,
				F52A321529B673F0006D8B93 /* Shared (Extension) */,
				F52A321D29B673F0006D8B93 /* iOS (App) */,
				F52A322E29B673F0006D8B93 /* macOS (App) */,
				F52A323E29B673F0006D8B93 /* iOS (Extension) */,
				F52A324829B673F0006D8B93 /* macOS (Extension) */,
				F52A321C29B673F0006D8B93 /* Products */,
			);
			sourceTree = "<group>";
		};
		F52A320C29B673EA006D8B93 /* Shared (App) */ = {
			isa = PBXGroup;
			children = (
				F52A321329B673EA006D8B93 /* ViewController.swift */,
				F52A321429B673F0006D8B93 /* Assets.xcassets */,
				F52A320D29B673EA006D8B93 /* Resources */,
			);
			path = "Shared (App)";
			sourceTree = "<group>";
		};
		F52A320D29B673EA006D8B93 /* Resources */ = {
			isa = PBXGroup;
			children = (
				F52A320E29B673EA006D8B93 /* Main.html */,
				F52A321029B673EA006D8B93 /* Icon.png */,
				F52A321129B673EA006D8B93 /* Style.css */,
				F52A321229B673EA006D8B93 /* Script.js */,
			);
			path = Resources;
			sourceTree = "<group>";
		};
		F52A321529B673F0006D8B93 /* Shared (Extension) */ = {
			isa = PBXGroup;
			children = (
				F52A326929B673F0006D8B93 /* Resources */,
				F52A321629B673F0006D8B93 /* SafariWebExtensionHandler.swift */,
			);
			path = "Shared (Extension)";
			sourceTree = "<group>";
		};
		F52A321C29B673F0006D8B93 /* Products */ = {
			isa = PBXGroup;
			children = (
				F52A321B29B673F0006D8B93 /* Talis Aspire Reading Lists Bookmarking.app */,
				F52A322D29B673F0006D8B93 /* Talis Aspire Reading Lists Bookmarking.app */,
				F52A323A29B673F0006D8B93 /* Talis Aspire Reading Lists Bookmarking Extension.appex */,
				F52A324429B673F0006D8B93 /* Talis Aspire Reading Lists Bookmarking Extension.appex */,
			);
			name = Products;
			sourceTree = "<group>";
		};
		F52A321D29B673F0006D8B93 /* iOS (App) */ = {
			isa = PBXGroup;
			children = (
				F52A321E29B673F0006D8B93 /* AppDelegate.swift */,
				F52A322029B673F0006D8B93 /* SceneDelegate.swift */,
				F52A322229B673F0006D8B93 /* LaunchScreen.storyboard */,
				F52A322529B673F0006D8B93 /* Main.storyboard */,
				F52A322829B673F0006D8B93 /* Info.plist */,
			);
			path = "iOS (App)";
			sourceTree = "<group>";
		};
		F52A322E29B673F0006D8B93 /* macOS (App) */ = {
			isa = PBXGroup;
			children = (
				F52A322F29B673F0006D8B93 /* AppDelegate.swift */,
				F52A323129B673F0006D8B93 /* Main.storyboard */,
				F52A323429B673F0006D8B93 /* Info.plist */,
				F52A323529B673F0006D8B93 /* Talis Aspire Reading Lists Bookmarking.entitlements */,
			);
			path = "macOS (App)";
			sourceTree = "<group>";
		};
		F52A323E29B673F0006D8B93 /* iOS (Extension) */ = {
			isa = PBXGroup;
			children = (
				F52A323F29B673F0006D8B93 /* Info.plist */,
			);
			path = "iOS (Extension)";
			sourceTree = "<group>";
		};
		F52A324829B673F0006D8B93 /* macOS (Extension) */ = {
			isa = PBXGroup;
			children = (
				F52A324929B673F0006D8B93 /* Info.plist */,
				F52A324A29B673F0006D8B93 /* Talis Aspire Reading Lists Bookmarking.entitlements */,
			);
			path = "macOS (Extension)";
			sourceTree = "<group>";
		};
		F52A326929B673F0006D8B93 /* Resources */ = {
			isa = PBXGroup;
			children = (
				F52A326A29B673F0006D8B93 /* css */,
				F52A326B29B673F0006D8B93 /* images */,
				F52A326C29B673F0006D8B93 /* js */,
				F52A326D29B673F0006D8B93 /* dependencies */,
				F52A326E29B673F0006D8B93 /* manifest.json */,
				F52A326F29B673F0006D8B93 /* options.html */,
				F52A327029B673F0006D8B93 /* background.html */,
				F52A327129B673F0006D8B93 /* _locales */,
			);
			name = Resources;
			path = "Shared (Extension)";
			sourceTree = SOURCE_ROOT;
		};
/* End PBXGroup section */

/* Begin PBXNativeTarget section */
		F52A321A29B673F0006D8B93 /* Talis Aspire Reading Lists Bookmarking (iOS) */ = {
			isa = PBXNativeTarget;
			buildConfigurationList = F52A325F29B673F0006D8B93 /* Build configuration list for PBXNativeTarget "Talis Aspire Reading Lists Bookmarking (iOS)" */;
			buildPhases = (
				F52A321729B673F0006D8B93 /* Sources */,
				F52A321829B673F0006D8B93 /* Frameworks */,
				F52A321929B673F0006D8B93 /* Resources */,
				F52A325E29B673F0006D8B93 /* Embed Foundation Extensions */,
			);
			buildRules = (
			);
			dependencies = (
				F52A323D29B673F0006D8B93 /* PBXTargetDependency */,
			);
			name = "Talis Aspire Reading Lists Bookmarking (iOS)";
			productName = "Talis Aspire Reading Lists Bookmarking (iOS)";
			productReference = F52A321B29B673F0006D8B93 /* Talis Aspire Reading Lists Bookmarking.app */;
			productType = "com.apple.product-type.application";
		};
		F52A322C29B673F0006D8B93 /* Talis Aspire Reading Lists Bookmarking (macOS) */ = {
			isa = PBXNativeTarget;
			buildConfigurationList = F52A326629B673F0006D8B93 /* Build configuration list for PBXNativeTarget "Talis Aspire Reading Lists Bookmarking (macOS)" */;
			buildPhases = (
				F52A322929B673F0006D8B93 /* Sources */,
				F52A322A29B673F0006D8B93 /* Frameworks */,
				F52A322B29B673F0006D8B93 /* Resources */,
				F52A326529B673F0006D8B93 /* Embed Foundation Extensions */,
			);
			buildRules = (
			);
			dependencies = (
				F52A324729B673F0006D8B93 /* PBXTargetDependency */,
			);
			name = "Talis Aspire Reading Lists Bookmarking (macOS)";
			productName = "Talis Aspire Reading Lists Bookmarking (macOS)";
			productReference = F52A322D29B673F0006D8B93 /* Talis Aspire Reading Lists Bookmarking.app */;
			productType = "com.apple.product-type.application";
		};
		F52A323929B673F0006D8B93 /* Talis Aspire Reading Lists Bookmarking Extension (iOS) */ = {
			isa = PBXNativeTarget;
			buildConfigurationList = F52A325B29B673F0006D8B93 /* Build configuration list for PBXNativeTarget "Talis Aspire Reading Lists Bookmarking Extension (iOS)" */;
			buildPhases = (
				F52A323629B673F0006D8B93 /* Sources */,
				F52A323729B673F0006D8B93 /* Frameworks */,
				F52A323829B673F0006D8B93 /* Resources */,
			);
			buildRules = (
			);
			dependencies = (
			);
			name = "Talis Aspire Reading Lists Bookmarking Extension (iOS)";
			productName = "Talis Aspire Reading Lists Bookmarking Extension (iOS)";
			productReference = F52A323A29B673F0006D8B93 /* Talis Aspire Reading Lists Bookmarking Extension.appex */;
			productType = "com.apple.product-type.app-extension";
		};
		F52A324329B673F0006D8B93 /* Talis Aspire Reading Lists Bookmarking Extension (macOS) */ = {
			isa = PBXNativeTarget;
			buildConfigurationList = F52A326229B673F0006D8B93 /* Build configuration list for PBXNativeTarget "Talis Aspire Reading Lists Bookmarking Extension (macOS)" */;
			buildPhases = (
				F52A324029B673F0006D8B93 /* Sources */,
				F52A324129B673F0006D8B93 /* Frameworks */,
				F52A324229B673F0006D8B93 /* Resources */,
			);
			buildRules = (
			);
			dependencies = (
			);
			name = "Talis Aspire Reading Lists Bookmarking Extension (macOS)";
			productName = "Talis Aspire Reading Lists Bookmarking Extension (macOS)";
			productReference = F52A324429B673F0006D8B93 /* Talis Aspire Reading Lists Bookmarking Extension.appex */;
			productType = "com.apple.product-type.app-extension";
		};
/* End PBXNativeTarget section */

/* Begin PBXProject section */
		F52A320829B673EA006D8B93 /* Project object */ = {
			isa = PBXProject;
			attributes = {
				BuildIndependentTargetsInParallel = 1;
				LastSwiftUpdateCheck = 1420;
				LastUpgradeCheck = 1420;
				TargetAttributes = {
					F52A321A29B673F0006D8B93 = {
						CreatedOnToolsVersion = 14.2;
					};
					F52A322C29B673F0006D8B93 = {
						CreatedOnToolsVersion = 14.2;
					};
					F52A323929B673F0006D8B93 = {
						CreatedOnToolsVersion = 14.2;
					};
					F52A324329B673F0006D8B93 = {
						CreatedOnToolsVersion = 14.2;
					};
				};
			};
			buildConfigurationList = F52A320B29B673EA006D8B93 /* Build configuration list for PBXProject "Talis Aspire Reading Lists Bookmarking" */;
			compatibilityVersion = "Xcode 14.0";
			developmentRegion = en;
			hasScannedForEncodings = 0;
			knownRegions = (
				en,
				Base,
			);
			mainGroup = F52A320729B673EA006D8B93;
			productRefGroup = F52A321C29B673F0006D8B93 /* Products */;
			projectDirPath = "";
			projectRoot = "";
			targets = (
				F52A321A29B673F0006D8B93 /* Talis Aspire Reading Lists Bookmarking (iOS) */,
				F52A322C29B673F0006D8B93 /* Talis Aspire Reading Lists Bookmarking (macOS) */,
				F52A323929B673F0006D8B93 /* Talis Aspire Reading Lists Bookmarking Extension (iOS) */,
				F52A324329B673F0006D8B93 /* Talis Aspire Reading Lists Bookmarking Extension (macOS) */,
			);
		};
/* End PBXProject section */

/* Begin PBXResourcesBuildPhase section */
		F52A321929B673F0006D8B93 /* Resources */ = {
			isa = PBXResourcesBuildPhase;
			buildActionMask = 2147483647;
			files = (
				F52A324D29B673F0006D8B93 /* Icon.png in Resources */,
				F52A322429B673F0006D8B93 /* LaunchScreen.storyboard in Resources */,
				F52A324B29B673F0006D8B93 /* Main.html in Resources */,
				F52A325129B673F0006D8B93 /* Script.js in Resources */,
				F52A325529B673F0006D8B93 /* Assets.xcassets in Resources */,
				F52A322729B673F0006D8B93 /* Main.storyboard in Resources */,
				F52A324F29B673F0006D8B93 /* Style.css in Resources */,
			);
			runOnlyForDeploymentPostprocessing = 0;
		};
		F52A322B29B673F0006D8B93 /* Resources */ = {
			isa = PBXResourcesBuildPhase;
			buildActionMask = 2147483647;
			files = (
				F52A324E29B673F0006D8B93 /* Icon.png in Resources */,
				F52A325029B673F0006D8B93 /* Style.css in Resources */,
				F52A323329B673F0006D8B93 /* Main.storyboard in Resources */,
				F52A325229B673F0006D8B93 /* Script.js in Resources */,
				F52A325629B673F0006D8B93 /* Assets.xcassets in Resources */,
				F52A324C29B673F0006D8B93 /* Main.html in Resources */,
			);
			runOnlyForDeploymentPostprocessing = 0;
		};
		F52A323829B673F0006D8B93 /* Resources */ = {
			isa = PBXResourcesBuildPhase;
			buildActionMask = 2147483647;
			files = (
				F52A328029B673F0006D8B93 /* background.html in Resources */,
				F52A327B29B673F0006D8B93 /* images in Resources */,
				F52A328129B673F0006D8B93 /* _locales in Resources */,
				F52A327C29B673F0006D8B93 /* js in Resources */,
				F52A327E29B673F0006D8B93 /* manifest.json in Resources */,
				F52A327A29B673F0006D8B93 /* css in Resources */,
				F52A327D29B673F0006D8B93 /* dependencies in Resources */,
				F52A327F29B673F0006D8B93 /* options.html in Resources */,
			);
			runOnlyForDeploymentPostprocessing = 0;
		};
		F52A324229B673F0006D8B93 /* Resources */ = {
			isa = PBXResourcesBuildPhase;
			buildActionMask = 2147483647;
			files = (
				F52A327829B673F0006D8B93 /* background.html in Resources */,
				F52A327329B673F0006D8B93 /* images in Resources */,
				F52A327929B673F0006D8B93 /* _locales in Resources */,
				F52A327429B673F0006D8B93 /* js in Resources */,
				F52A327629B673F0006D8B93 /* manifest.json in Resources */,
				F52A327229B673F0006D8B93 /* css in Resources */,
				F52A327529B673F0006D8B93 /* dependencies in Resources */,
				F52A327729B673F0006D8B93 /* options.html in Resources */,
			);
			runOnlyForDeploymentPostprocessing = 0;
		};
/* End PBXResourcesBuildPhase section */

/* Begin PBXSourcesBuildPhase section */
		F52A321729B673F0006D8B93 /* Sources */ = {
			isa = PBXSourcesBuildPhase;
			buildActionMask = 2147483647;
			files = (
				F52A325329B673F0006D8B93 /* ViewController.swift in Sources */,
				F52A321F29B673F0006D8B93 /* AppDelegate.swift in Sources */,
				F52A322129B673F0006D8B93 /* SceneDelegate.swift in Sources */,
			);
			runOnlyForDeploymentPostprocessing = 0;
		};
		F52A322929B673F0006D8B93 /* Sources */ = {
			isa = PBXSourcesBuildPhase;
			buildActionMask = 2147483647;
			files = (
				F52A325429B673F0006D8B93 /* ViewController.swift in Sources */,
				F52A323029B673F0006D8B93 /* AppDelegate.swift in Sources */,
			);
			runOnlyForDeploymentPostprocessing = 0;
		};
		F52A323629B673F0006D8B93 /* Sources */ = {
			isa = PBXSourcesBuildPhase;
			buildActionMask = 2147483647;
			files = (
				F52A325729B673F0006D8B93 /* SafariWebExtensionHandler.swift in Sources */,
			);
			runOnlyForDeploymentPostprocessing = 0;
		};
		F52A324029B673F0006D8B93 /* Sources */ = {
			isa = PBXSourcesBuildPhase;
			buildActionMask = 2147483647;
			files = (
				F52A325829B673F0006D8B93 /* SafariWebExtensionHandler.swift in Sources */,
			);
			runOnlyForDeploymentPostprocessing = 0;
		};
/* End PBXSourcesBuildPhase section */

/* Begin PBXTargetDependency section */
		F52A323D29B673F0006D8B93 /* PBXTargetDependency */ = {
			isa = PBXTargetDependency;
			target = F52A323929B673F0006D8B93 /* Talis Aspire Reading Lists Bookmarking Extension (iOS) */;
			targetProxy = F52A323C29B673F0006D8B93 /* PBXContainerItemProxy */;
		};
		F52A324729B673F0006D8B93 /* PBXTargetDependency */ = {
			isa = PBXTargetDependency;
			target = F52A324329B673F0006D8B93 /* Talis Aspire Reading Lists Bookmarking Extension (macOS) */;
			targetProxy = F52A324629B673F0006D8B93 /* PBXContainerItemProxy */;
		};
/* End PBXTargetDependency section */

/* Begin PBXVariantGroup section */
		F52A320E29B673EA006D8B93 /* Main.html */ = {
			isa = PBXVariantGroup;
			children = (
				F52A320F29B673EA006D8B93 /* Base */,
			);
			name = Main.html;
			sourceTree = "<group>";
		};
		F52A322229B673F0006D8B93 /* LaunchScreen.storyboard */ = {
			isa = PBXVariantGroup;
			children = (
				F52A322329B673F0006D8B93 /* Base */,
			);
			name = LaunchScreen.storyboard;
			sourceTree = "<group>";
		};
		F52A322529B673F0006D8B93 /* Main.storyboard */ = {
			isa = PBXVariantGroup;
			children = (
				F52A322629B673F0006D8B93 /* Base */,
			);
			name = Main.storyboard;
			sourceTree = "<group>";
		};
		F52A323129B673F0006D8B93 /* Main.storyboard */ = {
			isa = PBXVariantGroup;
			children = (
				F52A323229B673F0006D8B93 /* Base */,
			);
			name = Main.storyboard;
			sourceTree = "<group>";
		};
/* End PBXVariantGroup section */

/* Begin XCBuildConfiguration section */
		F52A325929B673F0006D8B93 /* Debug */ = {
			isa = XCBuildConfiguration;
			buildSettings = {
				ALWAYS_SEARCH_USER_PATHS = NO;
				CLANG_ANALYZER_NONNULL = YES;
				CLANG_ANALYZER_NUMBER_OBJECT_CONVERSION = YES_AGGRESSIVE;
				CLANG_CXX_LANGUAGE_STANDARD = "gnu++20";
				CLANG_ENABLE_MODULES = YES;
				CLANG_ENABLE_OBJC_ARC = YES;
				CLANG_ENABLE_OBJC_WEAK = YES;
				CLANG_WARN_BLOCK_CAPTURE_AUTORELEASING = YES;
				CLANG_WARN_BOOL_CONVERSION = YES;
				CLANG_WARN_COMMA = YES;
				CLANG_WARN_CONSTANT_CONVERSION = YES;
				CLANG_WARN_DEPRECATED_OBJC_IMPLEMENTATIONS = YES;
				CLANG_WARN_DIRECT_OBJC_ISA_USAGE = YES_ERROR;
				CLANG_WARN_DOCUMENTATION_COMMENTS = YES;
				CLANG_WARN_EMPTY_BODY = YES;
				CLANG_WARN_ENUM_CONVERSION = YES;
				CLANG_WARN_INFINITE_RECURSION = YES;
				CLANG_WARN_INT_CONVERSION = YES;
				CLANG_WARN_NON_LITERAL_NULL_CONVERSION = YES;
				CLANG_WARN_OBJC_IMPLICIT_RETAIN_SELF = YES;
				CLANG_WARN_OBJC_LITERAL_CONVERSION = YES;
				CLANG_WARN_OBJC_ROOT_CLASS = YES_ERROR;
				CLANG_WARN_QUOTED_INCLUDE_IN_FRAMEWORK_HEADER = YES;
				CLANG_WARN_RANGE_LOOP_ANALYSIS = YES;
				CLANG_WARN_STRICT_PROTOTYPES = YES;
				CLANG_WARN_SUSPICIOUS_MOVE = YES;
				CLANG_WARN_UNGUARDED_AVAILABILITY = YES_AGGRESSIVE;
				CLANG_WARN_UNREACHABLE_CODE = YES;
				CLANG_WARN__DUPLICATE_METHOD_MATCH = YES;
				COPY_PHASE_STRIP = NO;
				DEBUG_INFORMATION_FORMAT = dwarf;
				ENABLE_STRICT_OBJC_MSGSEND = YES;
				ENABLE_TESTABILITY = YES;
				GCC_C_LANGUAGE_STANDARD = gnu11;
				GCC_DYNAMIC_NO_PIC = NO;
				GCC_NO_COMMON_BLOCKS = YES;
				GCC_OPTIMIZATION_LEVEL = 0;
				GCC_PREPROCESSOR_DEFINITIONS = (
					"DEBUG=1",
					"$(inherited)",
				);
				GCC_WARN_64_TO_32_BIT_CONVERSION = YES;
				GCC_WARN_ABOUT_RETURN_TYPE = YES_ERROR;
				GCC_WARN_UNDECLARED_SELECTOR = YES;
				GCC_WARN_UNINITIALIZED_AUTOS = YES_AGGRESSIVE;
				GCC_WARN_UNUSED_FUNCTION = YES;
				GCC_WARN_UNUSED_VARIABLE = YES;
				MTL_ENABLE_DEBUG_INFO = INCLUDE_SOURCE;
				MTL_FAST_MATH = YES;
				ONLY_ACTIVE_ARCH = YES;
				SWIFT_ACTIVE_COMPILATION_CONDITIONS = DEBUG;
				SWIFT_OPTIMIZATION_LEVEL = "-Onone";
			};
			name = Debug;
		};
		F52A325A29B673F0006D8B93 /* Release */ = {
			isa = XCBuildConfiguration;
			buildSettings = {
				ALWAYS_SEARCH_USER_PATHS = NO;
				CLANG_ANALYZER_NONNULL = YES;
				CLANG_ANALYZER_NUMBER_OBJECT_CONVERSION = YES_AGGRESSIVE;
				CLANG_CXX_LANGUAGE_STANDARD = "gnu++20";
				CLANG_ENABLE_MODULES = YES;
				CLANG_ENABLE_OBJC_ARC = YES;
				CLANG_ENABLE_OBJC_WEAK = YES;
				CLANG_WARN_BLOCK_CAPTURE_AUTORELEASING = YES;
				CLANG_WARN_BOOL_CONVERSION = YES;
				CLANG_WARN_COMMA = YES;
				CLANG_WARN_CONSTANT_CONVERSION = YES;
				CLANG_WARN_DEPRECATED_OBJC_IMPLEMENTATIONS = YES;
				CLANG_WARN_DIRECT_OBJC_ISA_USAGE = YES_ERROR;
				CLANG_WARN_DOCUMENTATION_COMMENTS = YES;
				CLANG_WARN_EMPTY_BODY = YES;
				CLANG_WARN_ENUM_CONVERSION = YES;
				CLANG_WARN_INFINITE_RECURSION = YES;
				CLANG_WARN_INT_CONVERSION = YES;
				CLANG_WARN_NON_LITERAL_NULL_CONVERSION = YES;
				CLANG_WARN_OBJC_IMPLICIT_RETAIN_SELF = YES;
				CLANG_WARN_OBJC_LITERAL_CONVERSION = YES;
				CLANG_WARN_OBJC_ROOT_CLASS = YES_ERROR;
				CLANG_WARN_QUOTED_INCLUDE_IN_FRAMEWORK_HEADER = YES;
				CLANG_WARN_RANGE_LOOP_ANALYSIS = YES;
				CLANG_WARN_STRICT_PROTOTYPES = YES;
				CLANG_WARN_SUSPICIOUS_MOVE = YES;
				CLANG_WARN_UNGUARDED_AVAILABILITY = YES_AGGRESSIVE;
				CLANG_WARN_UNREACHABLE_CODE = YES;
				CLANG_WARN__DUPLICATE_METHOD_MATCH = YES;
				COPY_PHASE_STRIP = NO;
				DEBUG_INFORMATION_FORMAT = "dwarf-with-dsym";
				ENABLE_NS_ASSERTIONS = NO;
				ENABLE_STRICT_OBJC_MSGSEND = YES;
				GCC_C_LANGUAGE_STANDARD = gnu11;
				GCC_NO_COMMON_BLOCKS = YES;
				GCC_WARN_64_TO_32_BIT_CONVERSION = YES;
				GCC_WARN_ABOUT_RETURN_TYPE = YES_ERROR;
				GCC_WARN_UNDECLARED_SELECTOR = YES;
				GCC_WARN_UNINITIALIZED_AUTOS = YES_AGGRESSIVE;
				GCC_WARN_UNUSED_FUNCTION = YES;
				GCC_WARN_UNUSED_VARIABLE = YES;
				MTL_ENABLE_DEBUG_INFO = NO;
				MTL_FAST_MATH = YES;
				SWIFT_COMPILATION_MODE = wholemodule;
				SWIFT_OPTIMIZATION_LEVEL = "-O";
			};
			name = Release;
		};
		F52A325C29B673F0006D8B93 /* Debug */ = {
			isa = XCBuildConfiguration;
			buildSettings = {
				CODE_SIGN_STYLE = Automatic;
				CURRENT_PROJECT_VERSION = 1;
				GENERATE_INFOPLIST_FILE = YES;
				INFOPLIST_FILE = "iOS (Extension)/Info.plist";
				INFOPLIST_KEY_CFBundleDisplayName = "Talis Aspire Reading Lists Bookmarking Extension";
				INFOPLIST_KEY_NSHumanReadableCopyright = "";
				IPHONEOS_DEPLOYMENT_TARGET = 15.0;
				LD_RUNPATH_SEARCH_PATHS = (
					"$(inherited)",
					"@executable_path/Frameworks",
					"@executable_path/../../Frameworks",
				);
				MARKETING_VERSION = 1.0;
				OTHER_LDFLAGS = (
					"-framework",
					SafariServices,
				);
				PRODUCT_BUNDLE_IDENTIFIER = "com.yourCompany.Talis-Aspire-Reading-Lists-Bookmarking.Extension";
				PRODUCT_NAME = "Talis Aspire Reading Lists Bookmarking Extension";
				SDKROOT = iphoneos;
				SKIP_INSTALL = YES;
				SWIFT_EMIT_LOC_STRINGS = YES;
				SWIFT_VERSION = 5.0;
				TARGETED_DEVICE_FAMILY = "1,2";
			};
			name = Debug;
		};
		F52A325D29B673F0006D8B93 /* Release */ = {
			isa = XCBuildConfiguration;
			buildSettings = {
				CODE_SIGN_STYLE = Automatic;
				CURRENT_PROJECT_VERSION = 1;
				GENERATE_INFOPLIST_FILE = YES;
				INFOPLIST_FILE = "iOS (Extension)/Info.plist";
				INFOPLIST_KEY_CFBundleDisplayName = "Talis Aspire Reading Lists Bookmarking Extension";
				INFOPLIST_KEY_NSHumanReadableCopyright = "";
				IPHONEOS_DEPLOYMENT_TARGET = 15.0;
				LD_RUNPATH_SEARCH_PATHS = (
					"$(inherited)",
					"@executable_path/Frameworks",
					"@executable_path/../../Frameworks",
				);
				MARKETING_VERSION = 1.0;
				OTHER_LDFLAGS = (
					"-framework",
					SafariServices,
				);
				PRODUCT_BUNDLE_IDENTIFIER = "com.yourCompany.Talis-Aspire-Reading-Lists-Bookmarking.Extension";
				PRODUCT_NAME = "Talis Aspire Reading Lists Bookmarking Extension";
				SDKROOT = iphoneos;
				SKIP_INSTALL = YES;
				SWIFT_EMIT_LOC_STRINGS = YES;
				SWIFT_VERSION = 5.0;
				TARGETED_DEVICE_FAMILY = "1,2";
				VALIDATE_PRODUCT = YES;
			};
			name = Release;
		};
		F52A326029B673F0006D8B93 /* Debug */ = {
			isa = XCBuildConfiguration;
			buildSettings = {
				ALWAYS_EMBED_SWIFT_STANDARD_LIBRARIES = YES;
				ASSETCATALOG_COMPILER_APPICON_NAME = AppIcon;
				ASSETCATALOG_COMPILER_GLOBAL_ACCENT_COLOR_NAME = AccentColor;
				CODE_SIGN_STYLE = Automatic;
				CURRENT_PROJECT_VERSION = 1;
				GENERATE_INFOPLIST_FILE = YES;
				INFOPLIST_FILE = "iOS (App)/Info.plist";
				INFOPLIST_KEY_CFBundleDisplayName = "Talis Aspire Reading Lists Bookmarking";
				INFOPLIST_KEY_UIApplicationSupportsIndirectInputEvents = YES;
				INFOPLIST_KEY_UILaunchStoryboardName = LaunchScreen;
				INFOPLIST_KEY_UIMainStoryboardFile = Main;
				INFOPLIST_KEY_UISupportedInterfaceOrientations = "UIInterfaceOrientationPortrait UIInterfaceOrientationLandscapeLeft UIInterfaceOrientationLandscapeRight";
				INFOPLIST_KEY_UISupportedInterfaceOrientations_iPad = "UIInterfaceOrientationPortrait UIInterfaceOrientationPortraitUpsideDown UIInterfaceOrientationLandscapeLeft UIInterfaceOrientationLandscapeRight";
				IPHONEOS_DEPLOYMENT_TARGET = 15.0;
				LD_RUNPATH_SEARCH_PATHS = (
					"$(inherited)",
					"@executable_path/Frameworks",
				);
				MARKETING_VERSION = 1.0;
				OTHER_LDFLAGS = (
					"-framework",
					SafariServices,
					"-framework",
					WebKit,
				);
				PRODUCT_BUNDLE_IDENTIFIER = "com.yourCompany.Talis-Aspire-Reading-Lists-Bookmarking";
				PRODUCT_NAME = "Talis Aspire Reading Lists Bookmarking";
				SDKROOT = iphoneos;
				SWIFT_EMIT_LOC_STRINGS = YES;
				SWIFT_VERSION = 5.0;
				TARGETED_DEVICE_FAMILY = "1,2";
			};
			name = Debug;
		};
		F52A326129B673F0006D8B93 /* Release */ = {
			isa = XCBuildConfiguration;
			buildSettings = {
				ALWAYS_EMBED_SWIFT_STANDARD_LIBRARIES = YES;
				ASSETCATALOG_COMPILER_APPICON_NAME = AppIcon;
				ASSETCATALOG_COMPILER_GLOBAL_ACCENT_COLOR_NAME = AccentColor;
				CODE_SIGN_STYLE = Automatic;
				CURRENT_PROJECT_VERSION = 1;
				GENERATE_INFOPLIST_FILE = YES;
				INFOPLIST_FILE = "iOS (App)/Info.plist";
				INFOPLIST_KEY_CFBundleDisplayName = "Talis Aspire Reading Lists Bookmarking";
				INFOPLIST_KEY_UIApplicationSupportsIndirectInputEvents = YES;
				INFOPLIST_KEY_UILaunchStoryboardName = LaunchScreen;
				INFOPLIST_KEY_UIMainStoryboardFile = Main;
				INFOPLIST_KEY_UISupportedInterfaceOrientations = "UIInterfaceOrientationPortrait UIInterfaceOrientationLandscapeLeft UIInterfaceOrientationLandscapeRight";
				INFOPLIST_KEY_UISupportedInterfaceOrientations_iPad = "UIInterfaceOrientationPortrait UIInterfaceOrientationPortraitUpsideDown UIInterfaceOrientationLandscapeLeft UIInterfaceOrientationLandscapeRight";
				IPHONEOS_DEPLOYMENT_TARGET = 15.0;
				LD_RUNPATH_SEARCH_PATHS = (
					"$(inherited)",
					"@executable_path/Frameworks",
				);
				MARKETING_VERSION = 1.0;
				OTHER_LDFLAGS = (
					"-framework",
					SafariServices,
					"-framework",
					WebKit,
				);
				PRODUCT_BUNDLE_IDENTIFIER = "com.yourCompany.Talis-Aspire-Reading-Lists-Bookmarking";
				PRODUCT_NAME = "Talis Aspire Reading Lists Bookmarking";
				SDKROOT = iphoneos;
				SWIFT_EMIT_LOC_STRINGS = YES;
				SWIFT_VERSION = 5.0;
				TARGETED_DEVICE_FAMILY = "1,2";
				VALIDATE_PRODUCT = YES;
			};
			name = Release;
		};
		F52A326329B673F0006D8B93 /* Debug */ = {
			isa = XCBuildConfiguration;
			buildSettings = {
				CODE_SIGN_ENTITLEMENTS = "macOS (Extension)/Talis Aspire Reading Lists Bookmarking.entitlements";
				CODE_SIGN_STYLE = Automatic;
				CURRENT_PROJECT_VERSION = 1;
				ENABLE_HARDENED_RUNTIME = YES;
				GENERATE_INFOPLIST_FILE = YES;
				INFOPLIST_FILE = "macOS (Extension)/Info.plist";
				INFOPLIST_KEY_CFBundleDisplayName = "Talis Aspire Reading Lists Bookmarking Extension";
				INFOPLIST_KEY_NSHumanReadableCopyright = "";
				LD_RUNPATH_SEARCH_PATHS = (
					"$(inherited)",
					"@executable_path/../Frameworks",
					"@executable_path/../../../../Frameworks",
				);
				MACOSX_DEPLOYMENT_TARGET = 10.14;
				MARKETING_VERSION = 1.0;
				OTHER_LDFLAGS = (
					"-framework",
					SafariServices,
				);
				PRODUCT_BUNDLE_IDENTIFIER = "com.yourCompany.Talis-Aspire-Reading-Lists-Bookmarking.Extension";
				PRODUCT_NAME = "Talis Aspire Reading Lists Bookmarking Extension";
				SDKROOT = macosx;
				SKIP_INSTALL = YES;
				SWIFT_EMIT_LOC_STRINGS = YES;
				SWIFT_VERSION = 5.0;
			};
			name = Debug;
		};
		F52A326429B673F0006D8B93 /* Release */ = {
			isa = XCBuildConfiguration;
			buildSettings = {
				CODE_SIGN_ENTITLEMENTS = "macOS (Extension)/Talis Aspire Reading Lists Bookmarking.entitlements";
				CODE_SIGN_STYLE = Automatic;
				CURRENT_PROJECT_VERSION = 1;
				ENABLE_HARDENED_RUNTIME = YES;
				GENERATE_INFOPLIST_FILE = YES;
				INFOPLIST_FILE = "macOS (Extension)/Info.plist";
				INFOPLIST_KEY_CFBundleDisplayName = "Talis Aspire Reading Lists Bookmarking Extension";
				INFOPLIST_KEY_NSHumanReadableCopyright = "";
				LD_RUNPATH_SEARCH_PATHS = (
					"$(inherited)",
					"@executable_path/../Frameworks",
					"@executable_path/../../../../Frameworks",
				);
				MACOSX_DEPLOYMENT_TARGET = 10.14;
				MARKETING_VERSION = 1.0;
				OTHER_LDFLAGS = (
					"-framework",
					SafariServices,
				);
				PRODUCT_BUNDLE_IDENTIFIER = "com.yourCompany.Talis-Aspire-Reading-Lists-Bookmarking.Extension";
				PRODUCT_NAME = "Talis Aspire Reading Lists Bookmarking Extension";
				SDKROOT = macosx;
				SKIP_INSTALL = YES;
				SWIFT_EMIT_LOC_STRINGS = YES;
				SWIFT_VERSION = 5.0;
			};
			name = Release;
		};
		F52A326729B673F0006D8B93 /* Debug */ = {
			isa = XCBuildConfiguration;
			buildSettings = {
				ALWAYS_EMBED_SWIFT_STANDARD_LIBRARIES = YES;
				ASSETCATALOG_COMPILER_APPICON_NAME = AppIcon;
				ASSETCATALOG_COMPILER_GLOBAL_ACCENT_COLOR_NAME = AccentColor;
				CODE_SIGN_ENTITLEMENTS = "macOS (App)/Talis Aspire Reading Lists Bookmarking.entitlements";
				CODE_SIGN_STYLE = Automatic;
				CURRENT_PROJECT_VERSION = 1;
				ENABLE_HARDENED_RUNTIME = YES;
				GENERATE_INFOPLIST_FILE = YES;
				INFOPLIST_FILE = "macOS (App)/Info.plist";
				INFOPLIST_KEY_CFBundleDisplayName = "Talis Aspire Reading Lists Bookmarking";
				INFOPLIST_KEY_NSMainStoryboardFile = Main;
				INFOPLIST_KEY_NSPrincipalClass = NSApplication;
				LD_RUNPATH_SEARCH_PATHS = (
					"$(inherited)",
					"@executable_path/../Frameworks",
				);
				MACOSX_DEPLOYMENT_TARGET = 10.14;
				MARKETING_VERSION = 1.0;
				OTHER_LDFLAGS = (
					"-framework",
					SafariServices,
					"-framework",
					WebKit,
				);
				PRODUCT_BUNDLE_IDENTIFIER = "com.yourCompany.Talis-Aspire-Reading-Lists-Bookmarking";
				PRODUCT_NAME = "Talis Aspire Reading Lists Bookmarking";
				SDKROOT = macosx;
				SWIFT_EMIT_LOC_STRINGS = YES;
				SWIFT_VERSION = 5.0;
			};
			name = Debug;
		};
		F52A326829B673F0006D8B93 /* Release */ = {
			isa = XCBuildConfiguration;
			buildSettings = {
				ALWAYS_EMBED_SWIFT_STANDARD_LIBRARIES = YES;
				ASSETCATALOG_COMPILER_APPICON_NAME = AppIcon;
				ASSETCATALOG_COMPILER_GLOBAL_ACCENT_COLOR_NAME = AccentColor;
				CODE_SIGN_ENTITLEMENTS = "macOS (App)/Talis Aspire Reading Lists Bookmarking.entitlements";
				CODE_SIGN_STYLE = Automatic;
				CURRENT_PROJECT_VERSION = 1;
				ENABLE_HARDENED_RUNTIME = YES;
				GENERATE_INFOPLIST_FILE = YES;
				INFOPLIST_FILE = "macOS (App)/Info.plist";
				INFOPLIST_KEY_CFBundleDisplayName = "Talis Aspire Reading Lists Bookmarking";
				INFOPLIST_KEY_NSMainStoryboardFile = Main;
				INFOPLIST_KEY_NSPrincipalClass = NSApplication;
				LD_RUNPATH_SEARCH_PATHS = (
					"$(inherited)",
					"@executable_path/../Frameworks",
				);
				MACOSX_DEPLOYMENT_TARGET = 10.14;
				MARKETING_VERSION = 1.0;
				OTHER_LDFLAGS = (
					"-framework",
					SafariServices,
					"-framework",
					WebKit,
				);
				PRODUCT_BUNDLE_IDENTIFIER = "com.yourCompany.Talis-Aspire-Reading-Lists-Bookmarking";
				PRODUCT_NAME = "Talis Aspire Reading Lists Bookmarking";
				SDKROOT = macosx;
				SWIFT_EMIT_LOC_STRINGS = YES;
				SWIFT_VERSION = 5.0;
			};
			name = Release;
		};
/* End XCBuildConfiguration section */

/* Begin XCConfigurationList section */
		F52A320B29B673EA006D8B93 /* Build configuration list for PBXProject "Talis Aspire Reading Lists Bookmarking" */ = {
			isa = XCConfigurationList;
			buildConfigurations = (
				F52A325929B673F0006D8B93 /* Debug */,
				F52A325A29B673F0006D8B93 /* Release */,
			);
			defaultConfigurationIsVisible = 0;
			defaultConfigurationName = Release;
		};
		F52A325B29B673F0006D8B93 /* Build configuration list for PBXNativeTarget "Talis Aspire Reading Lists Bookmarking Extension (iOS)" */ = {
			isa = XCConfigurationList;
			buildConfigurations = (
				F52A325C29B673F0006D8B93 /* Debug */,
				F52A325D29B673F0006D8B93 /* Release */,
			);
			defaultConfigurationIsVisible = 0;
			defaultConfigurationName = Release;
		};
		F52A325F29B673F0006D8B93 /* Build configuration list for PBXNativeTarget "Talis Aspire Reading Lists Bookmarking (iOS)" */ = {
			isa = XCConfigurationList;
			buildConfigurations = (
				F52A326029B673F0006D8B93 /* Debug */,
				F52A326129B673F0006D8B93 /* Release */,
			);
			defaultConfigurationIsVisible = 0;
			defaultConfigurationName = Release;
		};
		F52A326229B673F0006D8B93 /* Build configuration list for PBXNativeTarget "Talis Aspire Reading Lists Bookmarking Extension (macOS)" */ = {
			isa = XCConfigurationList;
			buildConfigurations = (
				F52A326329B673F0006D8B93 /* Debug */,
				F52A326429B673F0006D8B93 /* Release */,
			);
			defaultConfigurationIsVisible = 0;
			defaultConfigurationName = Release;
		};
		F52A326629B673F0006D8B93 /* Build configuration list for PBXNativeTarget "Talis Aspire Reading Lists Bookmarking (macOS)" */ = {
			isa = XCConfigurationList;
			buildConfigurations = (
				F52A326729B673F0006D8B93 /* Debug */,
				F52A326829B673F0006D8B93 /* Release */,
			);
			defaultConfigurationIsVisible = 0;
			defaultConfigurationName = Release;
		};
/* End XCConfigurationList section */
	};
	rootObject = F52A320829B673EA006D8B93 /* Project object */;
}
