// !$*UTF8*$!
{
	archiveVersion = 1;
	classes = {
	};
	objectVersion = 56;
	objects = {

/* Begin PBXBuildFile section */
		F5311FDD2989ACB300358D43 /* AppDelegate.swift in Sources */ = {isa = PBXBuildFile; fileRef = F5311FDC2989ACB300358D43 /* AppDelegate.swift */; };
		F5311FDF2989ACB300358D43 /* SceneDelegate.swift in Sources */ = {isa = PBXBuildFile; fileRef = F5311FDE2989ACB300358D43 /* SceneDelegate.swift */; };
		F5311FE22989ACB300358D43 /* LaunchScreen.storyboard in Resources */ = {isa = PBXBuildFile; fileRef = F5311FE02989ACB300358D43 /* LaunchScreen.storyboard */; };
		F5311FE52989ACB300358D43 /* Main.storyboard in Resources */ = {isa = PBXBuildFile; fileRef = F5311FE32989ACB300358D43 /* Main.storyboard */; };
		F5311FEE2989ACB300358D43 /* AppDelegate.swift in Sources */ = {isa = PBXBuildFile; fileRef = F5311FED2989ACB300358D43 /* AppDelegate.swift */; };
		F5311FF12989ACB300358D43 /* Main.storyboard in Resources */ = {isa = PBXBuildFile; fileRef = F5311FEF2989ACB300358D43 /* Main.storyboard */; };
		F5311FF92989ACB300358D43 /* Talis Aspire Reading Lists Bookmarking Extension.appex in Embed Foundation Extensions */ = {isa = PBXBuildFile; fileRef = F5311FF82989ACB300358D43 /* Talis Aspire Reading Lists Bookmarking Extension.appex */; settings = {ATTRIBUTES = (RemoveHeadersOnCopy, ); }; };
		F53120032989ACB300358D43 /* Talis Aspire Reading Lists Bookmarking Extension.appex in Embed Foundation Extensions */ = {isa = PBXBuildFile; fileRef = F53120022989ACB300358D43 /* Talis Aspire Reading Lists Bookmarking Extension.appex */; settings = {ATTRIBUTES = (RemoveHeadersOnCopy, ); }; };
		F53120092989ACB300358D43 /* Main.html in Resources */ = {isa = PBXBuildFile; fileRef = F5311FCC2989ACB100358D43 /* Main.html */; };
		F531200A2989ACB300358D43 /* Main.html in Resources */ = {isa = PBXBuildFile; fileRef = F5311FCC2989ACB100358D43 /* Main.html */; };
		F531200B2989ACB300358D43 /* Icon.png in Resources */ = {isa = PBXBuildFile; fileRef = F5311FCE2989ACB100358D43 /* Icon.png */; };
		F531200C2989ACB300358D43 /* Icon.png in Resources */ = {isa = PBXBuildFile; fileRef = F5311FCE2989ACB100358D43 /* Icon.png */; };
		F531200D2989ACB300358D43 /* Style.css in Resources */ = {isa = PBXBuildFile; fileRef = F5311FCF2989ACB100358D43 /* Style.css */; };
		F531200E2989ACB300358D43 /* Style.css in Resources */ = {isa = PBXBuildFile; fileRef = F5311FCF2989ACB100358D43 /* Style.css */; };
		F531200F2989ACB300358D43 /* Script.js in Resources */ = {isa = PBXBuildFile; fileRef = F5311FD02989ACB100358D43 /* Script.js */; };
		F53120102989ACB300358D43 /* Script.js in Resources */ = {isa = PBXBuildFile; fileRef = F5311FD02989ACB100358D43 /* Script.js */; };
		F53120112989ACB300358D43 /* ViewController.swift in Sources */ = {isa = PBXBuildFile; fileRef = F5311FD12989ACB100358D43 /* ViewController.swift */; };
		F53120122989ACB300358D43 /* ViewController.swift in Sources */ = {isa = PBXBuildFile; fileRef = F5311FD12989ACB100358D43 /* ViewController.swift */; };
		F53120132989ACB300358D43 /* Assets.xcassets in Resources */ = {isa = PBXBuildFile; fileRef = F5311FD22989ACB300358D43 /* Assets.xcassets */; };
		F53120142989ACB300358D43 /* Assets.xcassets in Resources */ = {isa = PBXBuildFile; fileRef = F5311FD22989ACB300358D43 /* Assets.xcassets */; };
		F53120152989ACB300358D43 /* SafariWebExtensionHandler.swift in Sources */ = {isa = PBXBuildFile; fileRef = F5311FD42989ACB300358D43 /* SafariWebExtensionHandler.swift */; };
		F53120162989ACB300358D43 /* SafariWebExtensionHandler.swift in Sources */ = {isa = PBXBuildFile; fileRef = F5311FD42989ACB300358D43 /* SafariWebExtensionHandler.swift */; };
		F53120302989ACB300358D43 /* css in Resources */ = {isa = PBXBuildFile; fileRef = F53120282989ACB300358D43 /* css */; };
		F53120312989ACB300358D43 /* images in Resources */ = {isa = PBXBuildFile; fileRef = F53120292989ACB300358D43 /* images */; };
		F53120322989ACB300358D43 /* js in Resources */ = {isa = PBXBuildFile; fileRef = F531202A2989ACB300358D43 /* js */; };
		F53120332989ACB300358D43 /* dependencies in Resources */ = {isa = PBXBuildFile; fileRef = F531202B2989ACB300358D43 /* dependencies */; };
		F53120342989ACB300358D43 /* manifest.json in Resources */ = {isa = PBXBuildFile; fileRef = F531202C2989ACB300358D43 /* manifest.json */; };
		F53120352989ACB300358D43 /* options.html in Resources */ = {isa = PBXBuildFile; fileRef = F531202D2989ACB300358D43 /* options.html */; };
		F53120362989ACB300358D43 /* background.html in Resources */ = {isa = PBXBuildFile; fileRef = F531202E2989ACB300358D43 /* background.html */; };
		F53120372989ACB300358D43 /* _locales in Resources */ = {isa = PBXBuildFile; fileRef = F531202F2989ACB300358D43 /* _locales */; };
		F53120382989ACB300358D43 /* css in Resources */ = {isa = PBXBuildFile; fileRef = F53120282989ACB300358D43 /* css */; };
		F53120392989ACB300358D43 /* images in Resources */ = {isa = PBXBuildFile; fileRef = F53120292989ACB300358D43 /* images */; };
		F531203A2989ACB300358D43 /* js in Resources */ = {isa = PBXBuildFile; fileRef = F531202A2989ACB300358D43 /* js */; };
		F531203B2989ACB300358D43 /* dependencies in Resources */ = {isa = PBXBuildFile; fileRef = F531202B2989ACB300358D43 /* dependencies */; };
		F531203C2989ACB300358D43 /* manifest.json in Resources */ = {isa = PBXBuildFile; fileRef = F531202C2989ACB300358D43 /* manifest.json */; };
		F531203D2989ACB300358D43 /* options.html in Resources */ = {isa = PBXBuildFile; fileRef = F531202D2989ACB300358D43 /* options.html */; };
		F531203E2989ACB300358D43 /* background.html in Resources */ = {isa = PBXBuildFile; fileRef = F531202E2989ACB300358D43 /* background.html */; };
		F531203F2989ACB300358D43 /* _locales in Resources */ = {isa = PBXBuildFile; fileRef = F531202F2989ACB300358D43 /* _locales */; };
/* End PBXBuildFile section */

/* Begin PBXContainerItemProxy section */
		F5311FFA2989ACB300358D43 /* PBXContainerItemProxy */ = {
			isa = PBXContainerItemProxy;
			containerPortal = F5311FC62989ACB100358D43 /* Project object */;
			proxyType = 1;
			remoteGlobalIDString = F5311FF72989ACB300358D43;
			remoteInfo = "Talis Aspire Reading Lists Bookmarking Extension (iOS)";
		};
		F53120042989ACB300358D43 /* PBXContainerItemProxy */ = {
			isa = PBXContainerItemProxy;
			containerPortal = F5311FC62989ACB100358D43 /* Project object */;
			proxyType = 1;
			remoteGlobalIDString = F53120012989ACB300358D43;
			remoteInfo = "Talis Aspire Reading Lists Bookmarking Extension (macOS)";
		};
/* End PBXContainerItemProxy section */

/* Begin PBXCopyFilesBuildPhase section */
		F531201C2989ACB300358D43 /* Embed Foundation Extensions */ = {
			isa = PBXCopyFilesBuildPhase;
			buildActionMask = 2147483647;
			dstPath = "";
			dstSubfolderSpec = 13;
			files = (
				F5311FF92989ACB300358D43 /* Talis Aspire Reading Lists Bookmarking Extension.appex in Embed Foundation Extensions */,
			);
			name = "Embed Foundation Extensions";
			runOnlyForDeploymentPostprocessing = 0;
		};
		F53120232989ACB300358D43 /* Embed Foundation Extensions */ = {
			isa = PBXCopyFilesBuildPhase;
			buildActionMask = 2147483647;
			dstPath = "";
			dstSubfolderSpec = 13;
			files = (
				F53120032989ACB300358D43 /* Talis Aspire Reading Lists Bookmarking Extension.appex in Embed Foundation Extensions */,
			);
			name = "Embed Foundation Extensions";
			runOnlyForDeploymentPostprocessing = 0;
		};
/* End PBXCopyFilesBuildPhase section */

/* Begin PBXFileReference section */
		F5311FCD2989ACB100358D43 /* Base */ = {isa = PBXFileReference; lastKnownFileType = text.html; name = Base; path = ../Base.lproj/Main.html; sourceTree = "<group>"; };
		F5311FCE2989ACB100358D43 /* Icon.png */ = {isa = PBXFileReference; lastKnownFileType = image.png; path = Icon.png; sourceTree = "<group>"; };
		F5311FCF2989ACB100358D43 /* Style.css */ = {isa = PBXFileReference; lastKnownFileType = text.css; path = Style.css; sourceTree = "<group>"; };
		F5311FD02989ACB100358D43 /* Script.js */ = {isa = PBXFileReference; lastKnownFileType = sourcecode.javascript; path = Script.js; sourceTree = "<group>"; };
		F5311FD12989ACB100358D43 /* ViewController.swift */ = {isa = PBXFileReference; lastKnownFileType = sourcecode.swift; path = ViewController.swift; sourceTree = "<group>"; };
		F5311FD22989ACB300358D43 /* Assets.xcassets */ = {isa = PBXFileReference; lastKnownFileType = folder.assetcatalog; path = Assets.xcassets; sourceTree = "<group>"; };
		F5311FD42989ACB300358D43 /* SafariWebExtensionHandler.swift */ = {isa = PBXFileReference; lastKnownFileType = sourcecode.swift; path = SafariWebExtensionHandler.swift; sourceTree = "<group>"; };
		F5311FD92989ACB300358D43 /* Talis Aspire Reading Lists Bookmarking.app */ = {isa = PBXFileReference; explicitFileType = wrapper.application; includeInIndex = 0; path = "Talis Aspire Reading Lists Bookmarking.app"; sourceTree = BUILT_PRODUCTS_DIR; };
		F5311FDC2989ACB300358D43 /* AppDelegate.swift */ = {isa = PBXFileReference; lastKnownFileType = sourcecode.swift; path = AppDelegate.swift; sourceTree = "<group>"; };
		F5311FDE2989ACB300358D43 /* SceneDelegate.swift */ = {isa = PBXFileReference; lastKnownFileType = sourcecode.swift; path = SceneDelegate.swift; sourceTree = "<group>"; };
		F5311FE12989ACB300358D43 /* Base */ = {isa = PBXFileReference; lastKnownFileType = file.storyboard; name = Base; path = Base.lproj/LaunchScreen.storyboard; sourceTree = "<group>"; };
		F5311FE42989ACB300358D43 /* Base */ = {isa = PBXFileReference; lastKnownFileType = file.storyboard; name = Base; path = Base.lproj/Main.storyboard; sourceTree = "<group>"; };
		F5311FE62989ACB300358D43 /* Info.plist */ = {isa = PBXFileReference; lastKnownFileType = text.plist.xml; path = Info.plist; sourceTree = "<group>"; };
		F5311FEB2989ACB300358D43 /* Talis Aspire Reading Lists Bookmarking.app */ = {isa = PBXFileReference; explicitFileType = wrapper.application; includeInIndex = 0; path = "Talis Aspire Reading Lists Bookmarking.app"; sourceTree = BUILT_PRODUCTS_DIR; };
		F5311FED2989ACB300358D43 /* AppDelegate.swift */ = {isa = PBXFileReference; lastKnownFileType = sourcecode.swift; path = AppDelegate.swift; sourceTree = "<group>"; };
		F5311FF02989ACB300358D43 /* Base */ = {isa = PBXFileReference; lastKnownFileType = file.storyboard; name = Base; path = Base.lproj/Main.storyboard; sourceTree = "<group>"; };
		F5311FF22989ACB300358D43 /* Info.plist */ = {isa = PBXFileReference; lastKnownFileType = text.plist.xml; path = Info.plist; sourceTree = "<group>"; };
		F5311FF32989ACB300358D43 /* Talis Aspire Reading Lists Bookmarking.entitlements */ = {isa = PBXFileReference; lastKnownFileType = text.plist.entitlements; path = "Talis Aspire Reading Lists Bookmarking.entitlements"; sourceTree = "<group>"; };
		F5311FF82989ACB300358D43 /* Talis Aspire Reading Lists Bookmarking Extension.appex */ = {isa = PBXFileReference; explicitFileType = "wrapper.app-extension"; includeInIndex = 0; path = "Talis Aspire Reading Lists Bookmarking Extension.appex"; sourceTree = BUILT_PRODUCTS_DIR; };
		F5311FFD2989ACB300358D43 /* Info.plist */ = {isa = PBXFileReference; lastKnownFileType = text.plist.xml; path = Info.plist; sourceTree = "<group>"; };
		F53120022989ACB300358D43 /* Talis Aspire Reading Lists Bookmarking Extension.appex */ = {isa = PBXFileReference; explicitFileType = "wrapper.app-extension"; includeInIndex = 0; path = "Talis Aspire Reading Lists Bookmarking Extension.appex"; sourceTree = BUILT_PRODUCTS_DIR; };
		F53120072989ACB300358D43 /* Info.plist */ = {isa = PBXFileReference; lastKnownFileType = text.plist.xml; path = Info.plist; sourceTree = "<group>"; };
		F53120082989ACB300358D43 /* Talis Aspire Reading Lists Bookmarking.entitlements */ = {isa = PBXFileReference; lastKnownFileType = text.plist.entitlements; path = "Talis Aspire Reading Lists Bookmarking.entitlements"; sourceTree = "<group>"; };
		F53120282989ACB300358D43 /* css */ = {isa = PBXFileReference; lastKnownFileType = folder; name = css; path = ../../dist/css; sourceTree = "<group>"; };
		F53120292989ACB300358D43 /* images */ = {isa = PBXFileReference; lastKnownFileType = folder; name = images; path = ../../dist/images; sourceTree = "<group>"; };
		F531202A2989ACB300358D43 /* js */ = {isa = PBXFileReference; lastKnownFileType = folder; name = js; path = ../../dist/js; sourceTree = "<group>"; };
		F531202B2989ACB300358D43 /* dependencies */ = {isa = PBXFileReference; lastKnownFileType = folder; name = dependencies; path = ../../dist/dependencies; sourceTree = "<group>"; };
		F531202C2989ACB300358D43 /* manifest.json */ = {isa = PBXFileReference; lastKnownFileType = text.json; name = manifest.json; path = ../../dist/manifest.json; sourceTree = "<group>"; };
		F531202D2989ACB300358D43 /* options.html */ = {isa = PBXFileReference; lastKnownFileType = text.html; name = options.html; path = ../../dist/options.html; sourceTree = "<group>"; };
		F531202E2989ACB300358D43 /* background.html */ = {isa = PBXFileReference; lastKnownFileType = text.html; name = background.html; path = ../../dist/background.html; sourceTree = "<group>"; };
		F531202F2989ACB300358D43 /* _locales */ = {isa = PBXFileReference; lastKnownFileType = folder; name = _locales; path = ../../dist/_locales; sourceTree = "<group>"; };
/* End PBXFileReference section */

/* Begin PBXFrameworksBuildPhase section */
		F5311FD62989ACB300358D43 /* Frameworks */ = {
			isa = PBXFrameworksBuildPhase;
			buildActionMask = 2147483647;
			files = (
			);
			runOnlyForDeploymentPostprocessing = 0;
		};
		F5311FE82989ACB300358D43 /* Frameworks */ = {
			isa = PBXFrameworksBuildPhase;
			buildActionMask = 2147483647;
			files = (
			);
			runOnlyForDeploymentPostprocessing = 0;
		};
		F5311FF52989ACB300358D43 /* Frameworks */ = {
			isa = PBXFrameworksBuildPhase;
			buildActionMask = 2147483647;
			files = (
			);
			runOnlyForDeploymentPostprocessing = 0;
		};
		F5311FFF2989ACB300358D43 /* Frameworks */ = {
			isa = PBXFrameworksBuildPhase;
			buildActionMask = 2147483647;
			files = (
			);
			runOnlyForDeploymentPostprocessing = 0;
		};
/* End PBXFrameworksBuildPhase section */

/* Begin PBXGroup section */
		F5311FC52989ACB100358D43 = {
			isa = PBXGroup;
			children = (
				F5311FCA2989ACB100358D43 /* Shared (App) */,
				F5311FD32989ACB300358D43 /* Shared (Extension) */,
				F5311FDB2989ACB300358D43 /* iOS (App) */,
				F5311FEC2989ACB300358D43 /* macOS (App) */,
				F5311FFC2989ACB300358D43 /* iOS (Extension) */,
				F53120062989ACB300358D43 /* macOS (Extension) */,
				F5311FDA2989ACB300358D43 /* Products */,
			);
			sourceTree = "<group>";
		};
		F5311FCA2989ACB100358D43 /* Shared (App) */ = {
			isa = PBXGroup;
			children = (
				F5311FD12989ACB100358D43 /* ViewController.swift */,
				F5311FD22989ACB300358D43 /* Assets.xcassets */,
				F5311FCB2989ACB100358D43 /* Resources */,
			);
			path = "Shared (App)";
			sourceTree = "<group>";
		};
		F5311FCB2989ACB100358D43 /* Resources */ = {
			isa = PBXGroup;
			children = (
				F5311FCC2989ACB100358D43 /* Main.html */,
				F5311FCE2989ACB100358D43 /* Icon.png */,
				F5311FCF2989ACB100358D43 /* Style.css */,
				F5311FD02989ACB100358D43 /* Script.js */,
			);
			path = Resources;
			sourceTree = "<group>";
		};
		F5311FD32989ACB300358D43 /* Shared (Extension) */ = {
			isa = PBXGroup;
			children = (
				F53120272989ACB300358D43 /* Resources */,
				F5311FD42989ACB300358D43 /* SafariWebExtensionHandler.swift */,
			);
			path = "Shared (Extension)";
			sourceTree = "<group>";
		};
		F5311FDA2989ACB300358D43 /* Products */ = {
			isa = PBXGroup;
			children = (
				F5311FD92989ACB300358D43 /* Talis Aspire Reading Lists Bookmarking.app */,
				F5311FEB2989ACB300358D43 /* Talis Aspire Reading Lists Bookmarking.app */,
				F5311FF82989ACB300358D43 /* Talis Aspire Reading Lists Bookmarking Extension.appex */,
				F53120022989ACB300358D43 /* Talis Aspire Reading Lists Bookmarking Extension.appex */,
			);
			name = Products;
			sourceTree = "<group>";
		};
		F5311FDB2989ACB300358D43 /* iOS (App) */ = {
			isa = PBXGroup;
			children = (
				F5311FDC2989ACB300358D43 /* AppDelegate.swift */,
				F5311FDE2989ACB300358D43 /* SceneDelegate.swift */,
				F5311FE02989ACB300358D43 /* LaunchScreen.storyboard */,
				F5311FE32989ACB300358D43 /* Main.storyboard */,
				F5311FE62989ACB300358D43 /* Info.plist */,
			);
			path = "iOS (App)";
			sourceTree = "<group>";
		};
		F5311FEC2989ACB300358D43 /* macOS (App) */ = {
			isa = PBXGroup;
			children = (
				F5311FED2989ACB300358D43 /* AppDelegate.swift */,
				F5311FEF2989ACB300358D43 /* Main.storyboard */,
				F5311FF22989ACB300358D43 /* Info.plist */,
				F5311FF32989ACB300358D43 /* Talis Aspire Reading Lists Bookmarking.entitlements */,
			);
			path = "macOS (App)";
			sourceTree = "<group>";
		};
		F5311FFC2989ACB300358D43 /* iOS (Extension) */ = {
			isa = PBXGroup;
			children = (
				F5311FFD2989ACB300358D43 /* Info.plist */,
			);
			path = "iOS (Extension)";
			sourceTree = "<group>";
		};
		F53120062989ACB300358D43 /* macOS (Extension) */ = {
			isa = PBXGroup;
			children = (
				F53120072989ACB300358D43 /* Info.plist */,
				F53120082989ACB300358D43 /* Talis Aspire Reading Lists Bookmarking.entitlements */,
			);
			path = "macOS (Extension)";
			sourceTree = "<group>";
		};
		F53120272989ACB300358D43 /* Resources */ = {
			isa = PBXGroup;
			children = (
				F53120282989ACB300358D43 /* css */,
				F53120292989ACB300358D43 /* images */,
				F531202A2989ACB300358D43 /* js */,
				F531202B2989ACB300358D43 /* dependencies */,
				F531202C2989ACB300358D43 /* manifest.json */,
				F531202D2989ACB300358D43 /* options.html */,
				F531202E2989ACB300358D43 /* background.html */,
				F531202F2989ACB300358D43 /* _locales */,
			);
			name = Resources;
			path = "Shared (Extension)";
			sourceTree = SOURCE_ROOT;
		};
/* End PBXGroup section */

/* Begin PBXNativeTarget section */
		F5311FD82989ACB300358D43 /* Talis Aspire Reading Lists Bookmarking (iOS) */ = {
			isa = PBXNativeTarget;
			buildConfigurationList = F531201D2989ACB300358D43 /* Build configuration list for PBXNativeTarget "Talis Aspire Reading Lists Bookmarking (iOS)" */;
			buildPhases = (
				F5311FD52989ACB300358D43 /* Sources */,
				F5311FD62989ACB300358D43 /* Frameworks */,
				F5311FD72989ACB300358D43 /* Resources */,
				F531201C2989ACB300358D43 /* Embed Foundation Extensions */,
			);
			buildRules = (
			);
			dependencies = (
				F5311FFB2989ACB300358D43 /* PBXTargetDependency */,
			);
			name = "Talis Aspire Reading Lists Bookmarking (iOS)";
			productName = "Talis Aspire Reading Lists Bookmarking (iOS)";
			productReference = F5311FD92989ACB300358D43 /* Talis Aspire Reading Lists Bookmarking.app */;
			productType = "com.apple.product-type.application";
		};
		F5311FEA2989ACB300358D43 /* Talis Aspire Reading Lists Bookmarking (macOS) */ = {
			isa = PBXNativeTarget;
			buildConfigurationList = F53120242989ACB300358D43 /* Build configuration list for PBXNativeTarget "Talis Aspire Reading Lists Bookmarking (macOS)" */;
			buildPhases = (
				F5311FE72989ACB300358D43 /* Sources */,
				F5311FE82989ACB300358D43 /* Frameworks */,
				F5311FE92989ACB300358D43 /* Resources */,
				F53120232989ACB300358D43 /* Embed Foundation Extensions */,
			);
			buildRules = (
			);
			dependencies = (
				F53120052989ACB300358D43 /* PBXTargetDependency */,
			);
			name = "Talis Aspire Reading Lists Bookmarking (macOS)";
			productName = "Talis Aspire Reading Lists Bookmarking (macOS)";
			productReference = F5311FEB2989ACB300358D43 /* Talis Aspire Reading Lists Bookmarking.app */;
			productType = "com.apple.product-type.application";
		};
		F5311FF72989ACB300358D43 /* Talis Aspire Reading Lists Bookmarking Extension (iOS) */ = {
			isa = PBXNativeTarget;
			buildConfigurationList = F53120192989ACB300358D43 /* Build configuration list for PBXNativeTarget "Talis Aspire Reading Lists Bookmarking Extension (iOS)" */;
			buildPhases = (
				F5311FF42989ACB300358D43 /* Sources */,
				F5311FF52989ACB300358D43 /* Frameworks */,
				F5311FF62989ACB300358D43 /* Resources */,
			);
			buildRules = (
			);
			dependencies = (
			);
			name = "Talis Aspire Reading Lists Bookmarking Extension (iOS)";
			productName = "Talis Aspire Reading Lists Bookmarking Extension (iOS)";
			productReference = F5311FF82989ACB300358D43 /* Talis Aspire Reading Lists Bookmarking Extension.appex */;
			productType = "com.apple.product-type.app-extension";
		};
		F53120012989ACB300358D43 /* Talis Aspire Reading Lists Bookmarking Extension (macOS) */ = {
			isa = PBXNativeTarget;
			buildConfigurationList = F53120202989ACB300358D43 /* Build configuration list for PBXNativeTarget "Talis Aspire Reading Lists Bookmarking Extension (macOS)" */;
			buildPhases = (
				F5311FFE2989ACB300358D43 /* Sources */,
				F5311FFF2989ACB300358D43 /* Frameworks */,
				F53120002989ACB300358D43 /* Resources */,
			);
			buildRules = (
			);
			dependencies = (
			);
			name = "Talis Aspire Reading Lists Bookmarking Extension (macOS)";
			productName = "Talis Aspire Reading Lists Bookmarking Extension (macOS)";
			productReference = F53120022989ACB300358D43 /* Talis Aspire Reading Lists Bookmarking Extension.appex */;
			productType = "com.apple.product-type.app-extension";
		};
/* End PBXNativeTarget section */

/* Begin PBXProject section */
		F5311FC62989ACB100358D43 /* Project object */ = {
			isa = PBXProject;
			attributes = {
				BuildIndependentTargetsInParallel = 1;
				LastSwiftUpdateCheck = 1420;
				LastUpgradeCheck = 1420;
				TargetAttributes = {
					F5311FD82989ACB300358D43 = {
						CreatedOnToolsVersion = 14.2;
					};
					F5311FEA2989ACB300358D43 = {
						CreatedOnToolsVersion = 14.2;
					};
					F5311FF72989ACB300358D43 = {
						CreatedOnToolsVersion = 14.2;
					};
					F53120012989ACB300358D43 = {
						CreatedOnToolsVersion = 14.2;
					};
				};
			};
			buildConfigurationList = F5311FC92989ACB100358D43 /* Build configuration list for PBXProject "Talis Aspire Bookmarking" */;
			compatibilityVersion = "Xcode 14.0";
			developmentRegion = en;
			hasScannedForEncodings = 0;
			knownRegions = (
				en,
				Base,
			);
			mainGroup = F5311FC52989ACB100358D43;
			productRefGroup = F5311FDA2989ACB300358D43 /* Products */;
			projectDirPath = "";
			projectRoot = "";
			targets = (
				F5311FD82989ACB300358D43 /* Talis Aspire Reading Lists Bookmarking (iOS) */,
				F5311FEA2989ACB300358D43 /* Talis Aspire Reading Lists Bookmarking (macOS) */,
				F5311FF72989ACB300358D43 /* Talis Aspire Reading Lists Bookmarking Extension (iOS) */,
				F53120012989ACB300358D43 /* Talis Aspire Reading Lists Bookmarking Extension (macOS) */,
			);
		};
/* End PBXProject section */

/* Begin PBXResourcesBuildPhase section */
		F5311FD72989ACB300358D43 /* Resources */ = {
			isa = PBXResourcesBuildPhase;
			buildActionMask = 2147483647;
			files = (
				F531200B2989ACB300358D43 /* Icon.png in Resources */,
				F5311FE22989ACB300358D43 /* LaunchScreen.storyboard in Resources */,
				F53120092989ACB300358D43 /* Main.html in Resources */,
				F531200F2989ACB300358D43 /* Script.js in Resources */,
				F53120132989ACB300358D43 /* Assets.xcassets in Resources */,
				F5311FE52989ACB300358D43 /* Main.storyboard in Resources */,
				F531200D2989ACB300358D43 /* Style.css in Resources */,
			);
			runOnlyForDeploymentPostprocessing = 0;
		};
		F5311FE92989ACB300358D43 /* Resources */ = {
			isa = PBXResourcesBuildPhase;
			buildActionMask = 2147483647;
			files = (
				F531200C2989ACB300358D43 /* Icon.png in Resources */,
				F531200E2989ACB300358D43 /* Style.css in Resources */,
				F5311FF12989ACB300358D43 /* Main.storyboard in Resources */,
				F53120102989ACB300358D43 /* Script.js in Resources */,
				F53120142989ACB300358D43 /* Assets.xcassets in Resources */,
				F531200A2989ACB300358D43 /* Main.html in Resources */,
			);
			runOnlyForDeploymentPostprocessing = 0;
		};
		F5311FF62989ACB300358D43 /* Resources */ = {
			isa = PBXResourcesBuildPhase;
			buildActionMask = 2147483647;
			files = (
				F531203E2989ACB300358D43 /* background.html in Resources */,
				F53120392989ACB300358D43 /* images in Resources */,
				F531203F2989ACB300358D43 /* _locales in Resources */,
				F531203A2989ACB300358D43 /* js in Resources */,
				F531203C2989ACB300358D43 /* manifest.json in Resources */,
				F53120382989ACB300358D43 /* css in Resources */,
				F531203B2989ACB300358D43 /* dependencies in Resources */,
				F531203D2989ACB300358D43 /* options.html in Resources */,
			);
			runOnlyForDeploymentPostprocessing = 0;
		};
		F53120002989ACB300358D43 /* Resources */ = {
			isa = PBXResourcesBuildPhase;
			buildActionMask = 2147483647;
			files = (
				F53120362989ACB300358D43 /* background.html in Resources */,
				F53120312989ACB300358D43 /* images in Resources */,
				F53120372989ACB300358D43 /* _locales in Resources */,
				F53120322989ACB300358D43 /* js in Resources */,
				F53120342989ACB300358D43 /* manifest.json in Resources */,
				F53120302989ACB300358D43 /* css in Resources */,
				F53120332989ACB300358D43 /* dependencies in Resources */,
				F53120352989ACB300358D43 /* options.html in Resources */,
			);
			runOnlyForDeploymentPostprocessing = 0;
		};
/* End PBXResourcesBuildPhase section */

/* Begin PBXSourcesBuildPhase section */
		F5311FD52989ACB300358D43 /* Sources */ = {
			isa = PBXSourcesBuildPhase;
			buildActionMask = 2147483647;
			files = (
				F53120112989ACB300358D43 /* ViewController.swift in Sources */,
				F5311FDD2989ACB300358D43 /* AppDelegate.swift in Sources */,
				F5311FDF2989ACB300358D43 /* SceneDelegate.swift in Sources */,
			);
			runOnlyForDeploymentPostprocessing = 0;
		};
		F5311FE72989ACB300358D43 /* Sources */ = {
			isa = PBXSourcesBuildPhase;
			buildActionMask = 2147483647;
			files = (
				F53120122989ACB300358D43 /* ViewController.swift in Sources */,
				F5311FEE2989ACB300358D43 /* AppDelegate.swift in Sources */,
			);
			runOnlyForDeploymentPostprocessing = 0;
		};
		F5311FF42989ACB300358D43 /* Sources */ = {
			isa = PBXSourcesBuildPhase;
			buildActionMask = 2147483647;
			files = (
				F53120152989ACB300358D43 /* SafariWebExtensionHandler.swift in Sources */,
			);
			runOnlyForDeploymentPostprocessing = 0;
		};
		F5311FFE2989ACB300358D43 /* Sources */ = {
			isa = PBXSourcesBuildPhase;
			buildActionMask = 2147483647;
			files = (
				F53120162989ACB300358D43 /* SafariWebExtensionHandler.swift in Sources */,
			);
			runOnlyForDeploymentPostprocessing = 0;
		};
/* End PBXSourcesBuildPhase section */

/* Begin PBXTargetDependency section */
		F5311FFB2989ACB300358D43 /* PBXTargetDependency */ = {
			isa = PBXTargetDependency;
			target = F5311FF72989ACB300358D43 /* Talis Aspire Reading Lists Bookmarking Extension (iOS) */;
			targetProxy = F5311FFA2989ACB300358D43 /* PBXContainerItemProxy */;
		};
		F53120052989ACB300358D43 /* PBXTargetDependency */ = {
			isa = PBXTargetDependency;
			target = F53120012989ACB300358D43 /* Talis Aspire Reading Lists Bookmarking Extension (macOS) */;
			targetProxy = F53120042989ACB300358D43 /* PBXContainerItemProxy */;
		};
/* End PBXTargetDependency section */

/* Begin PBXVariantGroup section */
		F5311FCC2989ACB100358D43 /* Main.html */ = {
			isa = PBXVariantGroup;
			children = (
				F5311FCD2989ACB100358D43 /* Base */,
			);
			name = Main.html;
			sourceTree = "<group>";
		};
		F5311FE02989ACB300358D43 /* LaunchScreen.storyboard */ = {
			isa = PBXVariantGroup;
			children = (
				F5311FE12989ACB300358D43 /* Base */,
			);
			name = LaunchScreen.storyboard;
			sourceTree = "<group>";
		};
		F5311FE32989ACB300358D43 /* Main.storyboard */ = {
			isa = PBXVariantGroup;
			children = (
				F5311FE42989ACB300358D43 /* Base */,
			);
			name = Main.storyboard;
			sourceTree = "<group>";
		};
		F5311FEF2989ACB300358D43 /* Main.storyboard */ = {
			isa = PBXVariantGroup;
			children = (
				F5311FF02989ACB300358D43 /* Base */,
			);
			name = Main.storyboard;
			sourceTree = "<group>";
		};
/* End PBXVariantGroup section */

/* Begin XCBuildConfiguration section */
		F53120172989ACB300358D43 /* Debug */ = {
			isa = XCBuildConfiguration;
			buildSettings = {
				ALWAYS_SEARCH_USER_PATHS = NO;
				CLANG_ANALYZER_NONNULL = YES;
				CLANG_ANALYZER_NUMBER_OBJECT_CONVERSION = YES_AGGRESSIVE;
				CLANG_CXX_LANGUAGE_STANDARD = "gnu++20";
				CLANG_ENABLE_MODULES = YES;
				CLANG_ENABLE_OBJC_ARC = YES;
				CLANG_ENABLE_OBJC_WEAK = YES;
				CLANG_WARN_BLOCK_CAPTURE_AUTORELEASING = YES;
				CLANG_WARN_BOOL_CONVERSION = YES;
				CLANG_WARN_COMMA = YES;
				CLANG_WARN_CONSTANT_CONVERSION = YES;
				CLANG_WARN_DEPRECATED_OBJC_IMPLEMENTATIONS = YES;
				CLANG_WARN_DIRECT_OBJC_ISA_USAGE = YES_ERROR;
				CLANG_WARN_DOCUMENTATION_COMMENTS = YES;
				CLANG_WARN_EMPTY_BODY = YES;
				CLANG_WARN_ENUM_CONVERSION = YES;
				CLANG_WARN_INFINITE_RECURSION = YES;
				CLANG_WARN_INT_CONVERSION = YES;
				CLANG_WARN_NON_LITERAL_NULL_CONVERSION = YES;
				CLANG_WARN_OBJC_IMPLICIT_RETAIN_SELF = YES;
				CLANG_WARN_OBJC_LITERAL_CONVERSION = YES;
				CLANG_WARN_OBJC_ROOT_CLASS = YES_ERROR;
				CLANG_WARN_QUOTED_INCLUDE_IN_FRAMEWORK_HEADER = YES;
				CLANG_WARN_RANGE_LOOP_ANALYSIS = YES;
				CLANG_WARN_STRICT_PROTOTYPES = YES;
				CLANG_WARN_SUSPICIOUS_MOVE = YES;
				CLANG_WARN_UNGUARDED_AVAILABILITY = YES_AGGRESSIVE;
				CLANG_WARN_UNREACHABLE_CODE = YES;
				CLANG_WARN__DUPLICATE_METHOD_MATCH = YES;
				COPY_PHASE_STRIP = NO;
				DEBUG_INFORMATION_FORMAT = dwarf;
				ENABLE_STRICT_OBJC_MSGSEND = YES;
				ENABLE_TESTABILITY = YES;
				GCC_C_LANGUAGE_STANDARD = gnu11;
				GCC_DYNAMIC_NO_PIC = NO;
				GCC_NO_COMMON_BLOCKS = YES;
				GCC_OPTIMIZATION_LEVEL = 0;
				GCC_PREPROCESSOR_DEFINITIONS = (
					"DEBUG=1",
					"$(inherited)",
				);
				GCC_WARN_64_TO_32_BIT_CONVERSION = YES;
				GCC_WARN_ABOUT_RETURN_TYPE = YES_ERROR;
				GCC_WARN_UNDECLARED_SELECTOR = YES;
				GCC_WARN_UNINITIALIZED_AUTOS = YES_AGGRESSIVE;
				GCC_WARN_UNUSED_FUNCTION = YES;
				GCC_WARN_UNUSED_VARIABLE = YES;
				MTL_ENABLE_DEBUG_INFO = INCLUDE_SOURCE;
				MTL_FAST_MATH = YES;
				ONLY_ACTIVE_ARCH = YES;
				SWIFT_ACTIVE_COMPILATION_CONDITIONS = DEBUG;
				SWIFT_OPTIMIZATION_LEVEL = "-Onone";
			};
			name = Debug;
		};
		F53120182989ACB300358D43 /* Release */ = {
			isa = XCBuildConfiguration;
			buildSettings = {
				ALWAYS_SEARCH_USER_PATHS = NO;
				CLANG_ANALYZER_NONNULL = YES;
				CLANG_ANALYZER_NUMBER_OBJECT_CONVERSION = YES_AGGRESSIVE;
				CLANG_CXX_LANGUAGE_STANDARD = "gnu++20";
				CLANG_ENABLE_MODULES = YES;
				CLANG_ENABLE_OBJC_ARC = YES;
				CLANG_ENABLE_OBJC_WEAK = YES;
				CLANG_WARN_BLOCK_CAPTURE_AUTORELEASING = YES;
				CLANG_WARN_BOOL_CONVERSION = YES;
				CLANG_WARN_COMMA = YES;
				CLANG_WARN_CONSTANT_CONVERSION = YES;
				CLANG_WARN_DEPRECATED_OBJC_IMPLEMENTATIONS = YES;
				CLANG_WARN_DIRECT_OBJC_ISA_USAGE = YES_ERROR;
				CLANG_WARN_DOCUMENTATION_COMMENTS = YES;
				CLANG_WARN_EMPTY_BODY = YES;
				CLANG_WARN_ENUM_CONVERSION = YES;
				CLANG_WARN_INFINITE_RECURSION = YES;
				CLANG_WARN_INT_CONVERSION = YES;
				CLANG_WARN_NON_LITERAL_NULL_CONVERSION = YES;
				CLANG_WARN_OBJC_IMPLICIT_RETAIN_SELF = YES;
				CLANG_WARN_OBJC_LITERAL_CONVERSION = YES;
				CLANG_WARN_OBJC_ROOT_CLASS = YES_ERROR;
				CLANG_WARN_QUOTED_INCLUDE_IN_FRAMEWORK_HEADER = YES;
				CLANG_WARN_RANGE_LOOP_ANALYSIS = YES;
				CLANG_WARN_STRICT_PROTOTYPES = YES;
				CLANG_WARN_SUSPICIOUS_MOVE = YES;
				CLANG_WARN_UNGUARDED_AVAILABILITY = YES_AGGRESSIVE;
				CLANG_WARN_UNREACHABLE_CODE = YES;
				CLANG_WARN__DUPLICATE_METHOD_MATCH = YES;
				COPY_PHASE_STRIP = NO;
				DEBUG_INFORMATION_FORMAT = "dwarf-with-dsym";
				ENABLE_NS_ASSERTIONS = NO;
				ENABLE_STRICT_OBJC_MSGSEND = YES;
				GCC_C_LANGUAGE_STANDARD = gnu11;
				GCC_NO_COMMON_BLOCKS = YES;
				GCC_WARN_64_TO_32_BIT_CONVERSION = YES;
				GCC_WARN_ABOUT_RETURN_TYPE = YES_ERROR;
				GCC_WARN_UNDECLARED_SELECTOR = YES;
				GCC_WARN_UNINITIALIZED_AUTOS = YES_AGGRESSIVE;
				GCC_WARN_UNUSED_FUNCTION = YES;
				GCC_WARN_UNUSED_VARIABLE = YES;
				MTL_ENABLE_DEBUG_INFO = NO;
				MTL_FAST_MATH = YES;
				SWIFT_COMPILATION_MODE = wholemodule;
				SWIFT_OPTIMIZATION_LEVEL = "-O";
			};
			name = Release;
		};
		F531201A2989ACB300358D43 /* Debug */ = {
			isa = XCBuildConfiguration;
			buildSettings = {
				CODE_SIGN_STYLE = Automatic;
				CURRENT_PROJECT_VERSION = 1;
				GENERATE_INFOPLIST_FILE = YES;
				INFOPLIST_FILE = "iOS (Extension)/Info.plist";
				INFOPLIST_KEY_CFBundleDisplayName = "Talis Aspire Reading Lists Bookmarking Extension";
				INFOPLIST_KEY_NSHumanReadableCopyright = "";
				IPHONEOS_DEPLOYMENT_TARGET = 15.0;
				LD_RUNPATH_SEARCH_PATHS = (
					"$(inherited)",
					"@executable_path/Frameworks",
					"@executable_path/../../Frameworks",
				);
				MARKETING_VERSION = 1.0;
				OTHER_LDFLAGS = (
					"-framework",
					SafariServices,
				);
				PRODUCT_BUNDLE_IDENTIFIER = "com.yourCompany.Talis-Aspire-Reading-Lists-Bookmarking.Extension";
				PRODUCT_NAME = "Talis Aspire Reading Lists Bookmarking Extension";
				SDKROOT = iphoneos;
				SKIP_INSTALL = YES;
				SWIFT_EMIT_LOC_STRINGS = YES;
				SWIFT_VERSION = 5.0;
				TARGETED_DEVICE_FAMILY = "1,2";
			};
			name = Debug;
		};
		F531201B2989ACB300358D43 /* Release */ = {
			isa = XCBuildConfiguration;
			buildSettings = {
				CODE_SIGN_STYLE = Automatic;
				CURRENT_PROJECT_VERSION = 1;
				GENERATE_INFOPLIST_FILE = YES;
				INFOPLIST_FILE = "iOS (Extension)/Info.plist";
				INFOPLIST_KEY_CFBundleDisplayName = "Talis Aspire Reading Lists Bookmarking Extension";
				INFOPLIST_KEY_NSHumanReadableCopyright = "";
				IPHONEOS_DEPLOYMENT_TARGET = 15.0;
				LD_RUNPATH_SEARCH_PATHS = (
					"$(inherited)",
					"@executable_path/Frameworks",
					"@executable_path/../../Frameworks",
				);
				MARKETING_VERSION = 1.0;
				OTHER_LDFLAGS = (
					"-framework",
					SafariServices,
				);
				PRODUCT_BUNDLE_IDENTIFIER = "com.yourCompany.Talis-Aspire-Reading-Lists-Bookmarking.Extension";
				PRODUCT_NAME = "Talis Aspire Reading Lists Bookmarking Extension";
				SDKROOT = iphoneos;
				SKIP_INSTALL = YES;
				SWIFT_EMIT_LOC_STRINGS = YES;
				SWIFT_VERSION = 5.0;
				TARGETED_DEVICE_FAMILY = "1,2";
				VALIDATE_PRODUCT = YES;
			};
			name = Release;
		};
		F531201E2989ACB300358D43 /* Debug */ = {
			isa = XCBuildConfiguration;
			buildSettings = {
				ALWAYS_EMBED_SWIFT_STANDARD_LIBRARIES = YES;
				ASSETCATALOG_COMPILER_APPICON_NAME = AppIcon;
				ASSETCATALOG_COMPILER_GLOBAL_ACCENT_COLOR_NAME = AccentColor;
				CODE_SIGN_STYLE = Automatic;
				CURRENT_PROJECT_VERSION = 1;
				DEVELOPMENT_TEAM = 78Z3YJ5UNM;
				GENERATE_INFOPLIST_FILE = YES;
				INFOPLIST_FILE = "iOS (App)/Info.plist";
				INFOPLIST_KEY_CFBundleDisplayName = "Talis Aspire Reading Lists Bookmarking";
				INFOPLIST_KEY_UIApplicationSupportsIndirectInputEvents = YES;
				INFOPLIST_KEY_UILaunchStoryboardName = LaunchScreen;
				INFOPLIST_KEY_UIMainStoryboardFile = Main;
				INFOPLIST_KEY_UISupportedInterfaceOrientations = "UIInterfaceOrientationPortrait UIInterfaceOrientationLandscapeLeft UIInterfaceOrientationLandscapeRight";
				INFOPLIST_KEY_UISupportedInterfaceOrientations_iPad = "UIInterfaceOrientationPortrait UIInterfaceOrientationPortraitUpsideDown UIInterfaceOrientationLandscapeLeft UIInterfaceOrientationLandscapeRight";
				IPHONEOS_DEPLOYMENT_TARGET = 15.0;
				LD_RUNPATH_SEARCH_PATHS = (
					"$(inherited)",
					"@executable_path/Frameworks",
				);
				MARKETING_VERSION = 1.0;
				OTHER_LDFLAGS = (
					"-framework",
					SafariServices,
					"-framework",
					WebKit,
				);
				PRODUCT_BUNDLE_IDENTIFIER = "com.TALIS.Aspire-Bookmarking";
				PRODUCT_NAME = "Talis Aspire Reading Lists Bookmarking";
				SDKROOT = iphoneos;
				SWIFT_EMIT_LOC_STRINGS = YES;
				SWIFT_VERSION = 5.0;
				TARGETED_DEVICE_FAMILY = "1,2";
			};
			name = Debug;
		};
		F531201F2989ACB300358D43 /* Release */ = {
			isa = XCBuildConfiguration;
			buildSettings = {
				ALWAYS_EMBED_SWIFT_STANDARD_LIBRARIES = YES;
				ASSETCATALOG_COMPILER_APPICON_NAME = AppIcon;
				ASSETCATALOG_COMPILER_GLOBAL_ACCENT_COLOR_NAME = AccentColor;
				CODE_SIGN_STYLE = Automatic;
				CURRENT_PROJECT_VERSION = 1;
				DEVELOPMENT_TEAM = 78Z3YJ5UNM;
				GENERATE_INFOPLIST_FILE = YES;
				INFOPLIST_FILE = "iOS (App)/Info.plist";
				INFOPLIST_KEY_CFBundleDisplayName = "Talis Aspire Reading Lists Bookmarking";
				INFOPLIST_KEY_UIApplicationSupportsIndirectInputEvents = YES;
				INFOPLIST_KEY_UILaunchStoryboardName = LaunchScreen;
				INFOPLIST_KEY_UIMainStoryboardFile = Main;
				INFOPLIST_KEY_UISupportedInterfaceOrientations = "UIInterfaceOrientationPortrait UIInterfaceOrientationLandscapeLeft UIInterfaceOrientationLandscapeRight";
				INFOPLIST_KEY_UISupportedInterfaceOrientations_iPad = "UIInterfaceOrientationPortrait UIInterfaceOrientationPortraitUpsideDown UIInterfaceOrientationLandscapeLeft UIInterfaceOrientationLandscapeRight";
				IPHONEOS_DEPLOYMENT_TARGET = 15.0;
				LD_RUNPATH_SEARCH_PATHS = (
					"$(inherited)",
					"@executable_path/Frameworks",
				);
				MARKETING_VERSION = 1.0;
				OTHER_LDFLAGS = (
					"-framework",
					SafariServices,
					"-framework",
					WebKit,
				);
				PRODUCT_BUNDLE_IDENTIFIER = "com.TALIS.Aspire-Bookmarking";
				PRODUCT_NAME = "Talis Aspire Reading Lists Bookmarking";
				SDKROOT = iphoneos;
				SWIFT_EMIT_LOC_STRINGS = YES;
				SWIFT_VERSION = 5.0;
				TARGETED_DEVICE_FAMILY = "1,2";
				VALIDATE_PRODUCT = YES;
			};
			name = Release;
		};
		F53120212989ACB300358D43 /* Debug */ = {
			isa = XCBuildConfiguration;
			buildSettings = {
				CODE_SIGN_ENTITLEMENTS = "macOS (Extension)/Talis Aspire Reading Lists Bookmarking.entitlements";
				CODE_SIGN_STYLE = Automatic;
				CURRENT_PROJECT_VERSION = 1;
				ENABLE_HARDENED_RUNTIME = YES;
				GENERATE_INFOPLIST_FILE = YES;
				INFOPLIST_FILE = "macOS (Extension)/Info.plist";
				INFOPLIST_KEY_CFBundleDisplayName = "Talis Aspire Reading Lists Bookmarking Extension";
				INFOPLIST_KEY_NSHumanReadableCopyright = "";
				LD_RUNPATH_SEARCH_PATHS = (
					"$(inherited)",
					"@executable_path/../Frameworks",
					"@executable_path/../../../../Frameworks",
				);
				MACOSX_DEPLOYMENT_TARGET = 10.14;
				MARKETING_VERSION = 1.0;
				OTHER_LDFLAGS = (
					"-framework",
					SafariServices,
				);
				PRODUCT_BUNDLE_IDENTIFIER = "com.yourCompany.Talis-Aspire-Reading-Lists-Bookmarking.Extension";
				PRODUCT_NAME = "Talis Aspire Reading Lists Bookmarking Extension";
				SDKROOT = macosx;
				SKIP_INSTALL = YES;
				SWIFT_EMIT_LOC_STRINGS = YES;
				SWIFT_VERSION = 5.0;
			};
			name = Debug;
		};
		F53120222989ACB300358D43 /* Release */ = {
			isa = XCBuildConfiguration;
			buildSettings = {
				CODE_SIGN_ENTITLEMENTS = "macOS (Extension)/Talis Aspire Reading Lists Bookmarking.entitlements";
				CODE_SIGN_STYLE = Automatic;
				CURRENT_PROJECT_VERSION = 1;
				ENABLE_HARDENED_RUNTIME = YES;
				GENERATE_INFOPLIST_FILE = YES;
				INFOPLIST_FILE = "macOS (Extension)/Info.plist";
				INFOPLIST_KEY_CFBundleDisplayName = "Talis Aspire Reading Lists Bookmarking Extension";
				INFOPLIST_KEY_NSHumanReadableCopyright = "";
				LD_RUNPATH_SEARCH_PATHS = (
					"$(inherited)",
					"@executable_path/../Frameworks",
					"@executable_path/../../../../Frameworks",
				);
				MACOSX_DEPLOYMENT_TARGET = 10.14;
				MARKETING_VERSION = 1.0;
				OTHER_LDFLAGS = (
					"-framework",
					SafariServices,
				);
				PRODUCT_BUNDLE_IDENTIFIER = "com.yourCompany.Talis-Aspire-Reading-Lists-Bookmarking.Extension";
				PRODUCT_NAME = "Talis Aspire Reading Lists Bookmarking Extension";
				SDKROOT = macosx;
				SKIP_INSTALL = YES;
				SWIFT_EMIT_LOC_STRINGS = YES;
				SWIFT_VERSION = 5.0;
			};
			name = Release;
		};
		F53120252989ACB300358D43 /* Debug */ = {
			isa = XCBuildConfiguration;
			buildSettings = {
				ALWAYS_EMBED_SWIFT_STANDARD_LIBRARIES = YES;
				ASSETCATALOG_COMPILER_APPICON_NAME = AppIcon;
				ASSETCATALOG_COMPILER_GLOBAL_ACCENT_COLOR_NAME = AccentColor;
				CODE_SIGN_ENTITLEMENTS = "macOS (App)/Talis Aspire Reading Lists Bookmarking.entitlements";
				CODE_SIGN_STYLE = Automatic;
				CURRENT_PROJECT_VERSION = 1;
				ENABLE_HARDENED_RUNTIME = YES;
				GENERATE_INFOPLIST_FILE = YES;
				INFOPLIST_FILE = "macOS (App)/Info.plist";
				INFOPLIST_KEY_CFBundleDisplayName = "Talis Aspire Reading Lists Bookmarking";
				INFOPLIST_KEY_NSMainStoryboardFile = Main;
				INFOPLIST_KEY_NSPrincipalClass = NSApplication;
				LD_RUNPATH_SEARCH_PATHS = (
					"$(inherited)",
					"@executable_path/../Frameworks",
				);
				MACOSX_DEPLOYMENT_TARGET = 10.14;
				MARKETING_VERSION = 1.0;
				OTHER_LDFLAGS = (
					"-framework",
					SafariServices,
					"-framework",
					WebKit,
				);
				PRODUCT_BUNDLE_IDENTIFIER = "com.yourCompany.Talis-Aspire-Reading-Lists-Bookmarking";
				PRODUCT_NAME = "Talis Aspire Reading Lists Bookmarking";
				SDKROOT = macosx;
				SWIFT_EMIT_LOC_STRINGS = YES;
				SWIFT_VERSION = 5.0;
			};
			name = Debug;
		};
		F53120262989ACB300358D43 /* Release */ = {
			isa = XCBuildConfiguration;
			buildSettings = {
				ALWAYS_EMBED_SWIFT_STANDARD_LIBRARIES = YES;
				ASSETCATALOG_COMPILER_APPICON_NAME = AppIcon;
				ASSETCATALOG_COMPILER_GLOBAL_ACCENT_COLOR_NAME = AccentColor;
				CODE_SIGN_ENTITLEMENTS = "macOS (App)/Talis Aspire Reading Lists Bookmarking.entitlements";
				CODE_SIGN_STYLE = Automatic;
				CURRENT_PROJECT_VERSION = 1;
				ENABLE_HARDENED_RUNTIME = YES;
				GENERATE_INFOPLIST_FILE = YES;
				INFOPLIST_FILE = "macOS (App)/Info.plist";
				INFOPLIST_KEY_CFBundleDisplayName = "Talis Aspire Reading Lists Bookmarking";
				INFOPLIST_KEY_NSMainStoryboardFile = Main;
				INFOPLIST_KEY_NSPrincipalClass = NSApplication;
				LD_RUNPATH_SEARCH_PATHS = (
					"$(inherited)",
					"@executable_path/../Frameworks",
				);
				MACOSX_DEPLOYMENT_TARGET = 10.14;
				MARKETING_VERSION = 1.0;
				OTHER_LDFLAGS = (
					"-framework",
					SafariServices,
					"-framework",
					WebKit,
				);
				PRODUCT_BUNDLE_IDENTIFIER = "com.yourCompany.Talis-Aspire-Reading-Lists-Bookmarking";
				PRODUCT_NAME = "Talis Aspire Reading Lists Bookmarking";
				SDKROOT = macosx;
				SWIFT_EMIT_LOC_STRINGS = YES;
				SWIFT_VERSION = 5.0;
			};
			name = Release;
		};
/* End XCBuildConfiguration section */

/* Begin XCConfigurationList section */
		F5311FC92989ACB100358D43 /* Build configuration list for PBXProject "Talis Aspire Bookmarking" */ = {
			isa = XCConfigurationList;
			buildConfigurations = (
				F53120172989ACB300358D43 /* Debug */,
				F53120182989ACB300358D43 /* Release */,
			);
			defaultConfigurationIsVisible = 0;
			defaultConfigurationName = Release;
		};
		F53120192989ACB300358D43 /* Build configuration list for PBXNativeTarget "Talis Aspire Reading Lists Bookmarking Extension (iOS)" */ = {
			isa = XCConfigurationList;
			buildConfigurations = (
				F531201A2989ACB300358D43 /* Debug */,
				F531201B2989ACB300358D43 /* Release */,
			);
			defaultConfigurationIsVisible = 0;
			defaultConfigurationName = Release;
		};
		F531201D2989ACB300358D43 /* Build configuration list for PBXNativeTarget "Talis Aspire Reading Lists Bookmarking (iOS)" */ = {
			isa = XCConfigurationList;
			buildConfigurations = (
				F531201E2989ACB300358D43 /* Debug */,
				F531201F2989ACB300358D43 /* Release */,
			);
			defaultConfigurationIsVisible = 0;
			defaultConfigurationName = Release;
		};
		F53120202989ACB300358D43 /* Build configuration list for PBXNativeTarget "Talis Aspire Reading Lists Bookmarking Extension (macOS)" */ = {
			isa = XCConfigurationList;
			buildConfigurations = (
				F53120212989ACB300358D43 /* Debug */,
				F53120222989ACB300358D43 /* Release */,
			);
			defaultConfigurationIsVisible = 0;
			defaultConfigurationName = Release;
		};
		F53120242989ACB300358D43 /* Build configuration list for PBXNativeTarget "Talis Aspire Reading Lists Bookmarking (macOS)" */ = {
			isa = XCConfigurationList;
			buildConfigurations = (
				F53120252989ACB300358D43 /* Debug */,
				F53120262989ACB300358D43 /* Release */,
			);
			defaultConfigurationIsVisible = 0;
			defaultConfigurationName = Release;
		};
/* End XCConfigurationList section */
	};
	rootObject = F5311FC62989ACB100358D43 /* Project object */;
}
